// !$*UTF8*$!
{
	archiveVersion = 1;
	classes = {
	};
	objectVersion = 52;
	objects = {

/* Begin PBXBuildFile section */
		08B997478DA5620DC8E7B573 /* SavedTapsViewController+UISearchResultsUpdating.swift.swift in Sources */ = {isa = PBXBuildFile; fileRef = 44FE7CA40E65B9B892468463 /* SavedTapsViewController+UISearchResultsUpdating.swift.swift */; };
		0BB7CAA9C661FCDBC279BEFD /* SceneDelegate.swift in Sources */ = {isa = PBXBuildFile; fileRef = 769C4D077B7CFCA8544D1A3E /* SceneDelegate.swift */; };
		1047116A40B5EE793B3B33B2 /* PlaybackViewController.swift in Sources */ = {isa = PBXBuildFile; fileRef = 363154E07C7BBF93B754F492 /* PlaybackViewController.swift */; };
		1508AA5A76058B45B00A0930 /* SearchContactsViewController.swift in Sources */ = {isa = PBXBuildFile; fileRef = 2F42B1667B76CAFE6765BBD3 /* SearchContactsViewController.swift */; };
		155FD04BF3EA39EBD754BDD6 /* ContactsCollectionView.swift in Sources */ = {isa = PBXBuildFile; fileRef = 973CEDB8780E17647226ACC0 /* ContactsCollectionView.swift */; };
		180CC59DBCBF2C5F6981762F /* MenuViewController.swift in Sources */ = {isa = PBXBuildFile; fileRef = 3059A4AF94DCA0B1236599D8 /* MenuViewController.swift */; };
		18DFAD298AD224C785C85011 /* OnboardingViewController.swift in Sources */ = {isa = PBXBuildFile; fileRef = 7052B4CE08D672F73ECB0E2C /* OnboardingViewController.swift */; };
		1ACADBCC58A1D7F2300EC556 /* MusicPlaybackView.swift in Sources */ = {isa = PBXBuildFile; fileRef = C4C8B897FDADE8980A430106 /* MusicPlaybackView.swift */; };
		22441ACCFD9F673D8EC70B23 /* CameraPreviewView.swift in Sources */ = {isa = PBXBuildFile; fileRef = 94344FC87696F3296346CA01 /* CameraPreviewView.swift */; };
		23CEA16D7F7985D61172B946 /* IndeterminateProgressView.swift in Sources */ = {isa = PBXBuildFile; fileRef = F9EEDD1D28EB6874C497953C /* IndeterminateProgressView.swift */; };
		29ECF65DB83B3C480AC782C0 /* CameraViewController+UICollectionViewDelegate.swift in Sources */ = {isa = PBXBuildFile; fileRef = 8BC4CE62F7AC981B913F18E9 /* CameraViewController+UICollectionViewDelegate.swift */; };
		2F4F7CB3B90C4A3A2D8B8F71 /* SearchContactsViewController+UISearchControllerDelegate.swift in Sources */ = {isa = PBXBuildFile; fileRef = 0180F9CF40B86DB40C15BFBC /* SearchContactsViewController+UISearchControllerDelegate.swift */; };
		3E135B3650A3BBE3722DF126 /* TextOverlayView.swift in Sources */ = {isa = PBXBuildFile; fileRef = 136E453746FC1A56F9A261CA /* TextOverlayView.swift */; };
		3F1A7E560EB467CABA3D8E36 /* MenuViewController+UITableViewDataSource.swift in Sources */ = {isa = PBXBuildFile; fileRef = 698527CF1BAF2A4AFBCED1FD /* MenuViewController+UITableViewDataSource.swift */; };
		4296ABD2EB34055CB28AA8D5 /* ContactCollectionViewCell.swift in Sources */ = {isa = PBXBuildFile; fileRef = B70F817896C777AFB3FC0433 /* ContactCollectionViewCell.swift */; };
		4A98C7DD8DD24B8F690FCFD2 /* CameraViewController.swift in Sources */ = {isa = PBXBuildFile; fileRef = 69EE72D052B3BCCB27DDDBC4 /* CameraViewController.swift */; };
		500C9678CE94513205BEA4D0 /* SavedTapsViewController+UISearchBarDelegate.swift in Sources */ = {isa = PBXBuildFile; fileRef = 7804AD1BEDDF879B464AEA26 /* SavedTapsViewController+UISearchBarDelegate.swift */; };
		5067307D7CA64C0B64BFE45C /* AppDelegate.swift in Sources */ = {isa = PBXBuildFile; fileRef = 1CF68CFF208FBD50311A01D5 /* AppDelegate.swift */; };
		6006081149337EAE465CE208 /* SavedTapsViewController.swift in Sources */ = {isa = PBXBuildFile; fileRef = 407456196370DF88EC8AC28D /* SavedTapsViewController.swift */; };
		6B43BDADE1938D6C860D4BE9 /* DrawingToolsView.swift in Sources */ = {isa = PBXBuildFile; fileRef = 75B33AE9F232CA872F98978A /* DrawingToolsView.swift */; };
		78FD54943CAFF8C9035664DE /* CameraViewController+UICollectionViewDataSource.swift in Sources */ = {isa = PBXBuildFile; fileRef = B31CE8A158843A25EB0DFC68 /* CameraViewController+UICollectionViewDataSource.swift */; };
		9459D858A99F4EE793F37E92 /* main.swift in Sources */ = {isa = PBXBuildFile; fileRef = 3A03D34D5EFD9078502D2B3D /* main.swift */; };
		9E45F15C27283EA75A95FDA8 /* World.swift in Sources */ = {isa = PBXBuildFile; fileRef = 2FCE2621E3412630A639A0E9 /* World.swift */; };
		9F9E8C560DF38967EF1748CB /* SyncTableViewCell.swift in Sources */ = {isa = PBXBuildFile; fileRef = 1FACB115B1E5F1F0029A7940 /* SyncTableViewCell.swift */; };
		A58531E42B3285C125B4BC14 /* KeyboardAccessoryView.swift in Sources */ = {isa = PBXBuildFile; fileRef = 9CE23D3372831A7B685FA94F /* KeyboardAccessoryView.swift */; };
		A82CDC252A3653C4519C16FA /* Assets.xcassets in Resources */ = {isa = PBXBuildFile; fileRef = 4D03047C2E3CD982E5D1E38E /* Assets.xcassets */; };
		AFA4B5B9C3DE95B8CCEE172D /* LoggedInViewController.swift in Sources */ = {isa = PBXBuildFile; fileRef = 5E6DAA497C51E06D884C0B2C /* LoggedInViewController.swift */; };
		B1056B558F641BB2E6E27970 /* DoloTests.swift in Sources */ = {isa = PBXBuildFile; fileRef = FE7EBA8689CADC6D750F9940 /* DoloTests.swift */; };
		B2B31D4CC31457910B010787 /* SavedTapsViewController+UISearchControllerDelegate.swift in Sources */ = {isa = PBXBuildFile; fileRef = 3391EC80872D369C9F1D55CF /* SavedTapsViewController+UISearchControllerDelegate.swift */; };
		BE7021A6E63D3B1B771DE218 /* UIButton+Extension.swift in Sources */ = {isa = PBXBuildFile; fileRef = 935656CC9CE2FB280661178F /* UIButton+Extension.swift */; };
		C1839759E1E3E4E4F07F9D07 /* Formatter.swift in Sources */ = {isa = PBXBuildFile; fileRef = D092867E340FFAEA0055EC8C /* Formatter.swift */; };
		C29EE32C12F71E0B9F186304 /* SearchContactsViewController+UISearchResultsUpdating.swift in Sources */ = {isa = PBXBuildFile; fileRef = EF2E74C60D5EADC9E648DD25 /* SearchContactsViewController+UISearchResultsUpdating.swift */; };
		C8D06DFC8502753F611D62C0 /* MenuModels.swift in Sources */ = {isa = PBXBuildFile; fileRef = 498458FBC2D4D55AE69522B1 /* MenuModels.swift */; };
		CF316AB82F76159755C780BD /* SearchContactsViewController+UISearchBarDelegate.swift in Sources */ = {isa = PBXBuildFile; fileRef = F2A7A851871D38A06F417BE0 /* SearchContactsViewController+UISearchBarDelegate.swift */; };
		DBC106F1029BFF5DD36907DA /* PersonAnnotationView.swift in Sources */ = {isa = PBXBuildFile; fileRef = 58CC607B90ABB2DC535F466F /* PersonAnnotationView.swift */; };
		DD02C776E10CF87F7623060B /* LaunchScreen.storyboard in Resources */ = {isa = PBXBuildFile; fileRef = CBB92E046CD027936FF1AB84 /* LaunchScreen.storyboard */; };
		DD6A04D0AC022CB627DB36AE /* LoggedOutViewController.swift in Sources */ = {isa = PBXBuildFile; fileRef = 0481FEC9E55AB29A26B9238B /* LoggedOutViewController.swift */; };
		E023B65985451D87D08E505A /* CameraOverlayView.swift in Sources */ = {isa = PBXBuildFile; fileRef = 7C8ACD5EBEE81BF3F3703D00 /* CameraOverlayView.swift */; };
		E0CC88252B80F4D873A8E1B4 /* Tapsnap.xcdatamodeld in Sources */ = {isa = PBXBuildFile; fileRef = 0F985F82AA8186B1FFB56A3A /* Tapsnap.xcdatamodeld */; };
		E3ED872C4EB02E8B00CC5920 /* RootViewController.swift in Sources */ = {isa = PBXBuildFile; fileRef = A86F521E8A3727658211B4A2 /* RootViewController.swift */; };
		E718FD70CBEF1713E161EC68 /* ViewBootstrappable.swift in Sources */ = {isa = PBXBuildFile; fileRef = D0F1B7785FF0DC5D68FD478D /* ViewBootstrappable.swift */; };
		EBB499194ECD7AB83548A673 /* MenuCellTableViewCell.swift in Sources */ = {isa = PBXBuildFile; fileRef = 390017BF26255640A332187B /* MenuCellTableViewCell.swift */; };
		ED2C483623EF3733004F7F52 /* ts1.mov in Resources */ = {isa = PBXBuildFile; fileRef = ED2C483523EF3733004F7F52 /* ts1.mov */; };
		ED2C483A23EF40A2004F7F52 /* PlayerLooper.swift in Sources */ = {isa = PBXBuildFile; fileRef = ED2C483923EF40A2004F7F52 /* PlayerLooper.swift */; };
		ED2C484D23EF6375004F7F52 /* PlaybackViewController+MKMapViewDelegate.swift in Sources */ = {isa = PBXBuildFile; fileRef = ED2C484C23EF6375004F7F52 /* PlaybackViewController+MKMapViewDelegate.swift */; };
		ED2C485023EF657C004F7F52 /* MapViewOverlay.swift in Sources */ = {isa = PBXBuildFile; fileRef = ED2C484F23EF657C004F7F52 /* MapViewOverlay.swift */; };
		F706313D9D716BADCD569DB2 /* UILabel+Extension.swift in Sources */ = {isa = PBXBuildFile; fileRef = B851F786DA4738BBC7ADDD13 /* UILabel+Extension.swift */; };
		F8BC17E6DAD7EAD51C1DEE31 /* CLLocationManager+Combine.swift in Sources */ = {isa = PBXBuildFile; fileRef = 2794F5FFE087FFD18DAD1F8A /* CLLocationManager+Combine.swift */; };
		FA66328C9E511CDB5F89FACD /* NowPlayingPreviewTableViewCell.swift in Sources */ = {isa = PBXBuildFile; fileRef = E15951311BF34C9BB0FE3C2F /* NowPlayingPreviewTableViewCell.swift */; };
		FC8C8BDACCCEF7914FC62666 /* RecordProgressView.swift in Sources */ = {isa = PBXBuildFile; fileRef = 324EF45CD0C3DCDA08174727 /* RecordProgressView.swift */; };
		FF320E97C50A9B334BA51547 /* Publish in Frameworks */ = {isa = PBXBuildFile; productRef = 1242DD598088F38154B6B61B /* Publish */; };
/* End PBXBuildFile section */

/* Begin PBXContainerItemProxy section */
		1398CE87B1D8253804A88032 /* PBXContainerItemProxy */ = {
			isa = PBXContainerItemProxy;
			containerPortal = D0BD78D46161BCEF6F917A8C /* Project object */;
			proxyType = 1;
			remoteGlobalIDString = 9495FDBD704DC879B6B218A9;
			remoteInfo = Tapsnap;
		};
/* End PBXContainerItemProxy section */

/* Begin PBXFileReference section */
		0180F9CF40B86DB40C15BFBC /* SearchContactsViewController+UISearchControllerDelegate.swift */ = {isa = PBXFileReference; lastKnownFileType = sourcecode.swift; path = "SearchContactsViewController+UISearchControllerDelegate.swift"; sourceTree = "<group>"; };
		0481FEC9E55AB29A26B9238B /* LoggedOutViewController.swift */ = {isa = PBXFileReference; lastKnownFileType = sourcecode.swift; path = LoggedOutViewController.swift; sourceTree = "<group>"; };
		136E453746FC1A56F9A261CA /* TextOverlayView.swift */ = {isa = PBXFileReference; lastKnownFileType = sourcecode.swift; path = TextOverlayView.swift; sourceTree = "<group>"; };
		1C91A7E84958BFD9517292B6 /* Tapsnap.app */ = {isa = PBXFileReference; includeInIndex = 0; lastKnownFileType = wrapper.application; path = Tapsnap.app; sourceTree = BUILT_PRODUCTS_DIR; };
		1CF68CFF208FBD50311A01D5 /* AppDelegate.swift */ = {isa = PBXFileReference; lastKnownFileType = sourcecode.swift; path = AppDelegate.swift; sourceTree = "<group>"; };
		1E519411855163D974866C78 /* Base */ = {isa = PBXFileReference; lastKnownFileType = file.storyboard; name = Base; path = Base.lproj/LaunchScreen.storyboard; sourceTree = "<group>"; };
		1FACB115B1E5F1F0029A7940 /* SyncTableViewCell.swift */ = {isa = PBXFileReference; lastKnownFileType = sourcecode.swift; path = SyncTableViewCell.swift; sourceTree = "<group>"; };
		2794F5FFE087FFD18DAD1F8A /* CLLocationManager+Combine.swift */ = {isa = PBXFileReference; lastKnownFileType = sourcecode.swift; path = "CLLocationManager+Combine.swift"; sourceTree = "<group>"; };
		2F42B1667B76CAFE6765BBD3 /* SearchContactsViewController.swift */ = {isa = PBXFileReference; lastKnownFileType = sourcecode.swift; path = SearchContactsViewController.swift; sourceTree = "<group>"; };
		2FCE2621E3412630A639A0E9 /* World.swift */ = {isa = PBXFileReference; lastKnownFileType = sourcecode.swift; path = World.swift; sourceTree = "<group>"; };
		3059A4AF94DCA0B1236599D8 /* MenuViewController.swift */ = {isa = PBXFileReference; lastKnownFileType = sourcecode.swift; path = MenuViewController.swift; sourceTree = "<group>"; };
		324EF45CD0C3DCDA08174727 /* RecordProgressView.swift */ = {isa = PBXFileReference; lastKnownFileType = sourcecode.swift; path = RecordProgressView.swift; sourceTree = "<group>"; };
		3391EC80872D369C9F1D55CF /* SavedTapsViewController+UISearchControllerDelegate.swift */ = {isa = PBXFileReference; lastKnownFileType = sourcecode.swift; path = "SavedTapsViewController+UISearchControllerDelegate.swift"; sourceTree = "<group>"; };
		363154E07C7BBF93B754F492 /* PlaybackViewController.swift */ = {isa = PBXFileReference; lastKnownFileType = sourcecode.swift; path = PlaybackViewController.swift; sourceTree = "<group>"; };
		390017BF26255640A332187B /* MenuCellTableViewCell.swift */ = {isa = PBXFileReference; lastKnownFileType = sourcecode.swift; path = MenuCellTableViewCell.swift; sourceTree = "<group>"; };
		3A03D34D5EFD9078502D2B3D /* main.swift */ = {isa = PBXFileReference; lastKnownFileType = sourcecode.swift; path = main.swift; sourceTree = "<group>"; };
		407456196370DF88EC8AC28D /* SavedTapsViewController.swift */ = {isa = PBXFileReference; lastKnownFileType = sourcecode.swift; path = SavedTapsViewController.swift; sourceTree = "<group>"; };
		44FE7CA40E65B9B892468463 /* SavedTapsViewController+UISearchResultsUpdating.swift.swift */ = {isa = PBXFileReference; lastKnownFileType = sourcecode.swift; path = "SavedTapsViewController+UISearchResultsUpdating.swift.swift"; sourceTree = "<group>"; };
		498458FBC2D4D55AE69522B1 /* MenuModels.swift */ = {isa = PBXFileReference; lastKnownFileType = sourcecode.swift; path = MenuModels.swift; sourceTree = "<group>"; };
		4D03047C2E3CD982E5D1E38E /* Assets.xcassets */ = {isa = PBXFileReference; lastKnownFileType = folder.assetcatalog; path = Assets.xcassets; sourceTree = "<group>"; };
		58CC607B90ABB2DC535F466F /* PersonAnnotationView.swift */ = {isa = PBXFileReference; lastKnownFileType = sourcecode.swift; path = PersonAnnotationView.swift; sourceTree = "<group>"; };
		5E6DAA497C51E06D884C0B2C /* LoggedInViewController.swift */ = {isa = PBXFileReference; lastKnownFileType = sourcecode.swift; path = LoggedInViewController.swift; sourceTree = "<group>"; };
		698527CF1BAF2A4AFBCED1FD /* MenuViewController+UITableViewDataSource.swift */ = {isa = PBXFileReference; lastKnownFileType = sourcecode.swift; path = "MenuViewController+UITableViewDataSource.swift"; sourceTree = "<group>"; };
		69EE72D052B3BCCB27DDDBC4 /* CameraViewController.swift */ = {isa = PBXFileReference; lastKnownFileType = sourcecode.swift; path = CameraViewController.swift; sourceTree = "<group>"; };
		7052B4CE08D672F73ECB0E2C /* OnboardingViewController.swift */ = {isa = PBXFileReference; lastKnownFileType = sourcecode.swift; path = OnboardingViewController.swift; sourceTree = "<group>"; };
		75B33AE9F232CA872F98978A /* DrawingToolsView.swift */ = {isa = PBXFileReference; lastKnownFileType = sourcecode.swift; path = DrawingToolsView.swift; sourceTree = "<group>"; };
		769C4D077B7CFCA8544D1A3E /* SceneDelegate.swift */ = {isa = PBXFileReference; lastKnownFileType = sourcecode.swift; path = SceneDelegate.swift; sourceTree = "<group>"; };
		7804AD1BEDDF879B464AEA26 /* SavedTapsViewController+UISearchBarDelegate.swift */ = {isa = PBXFileReference; lastKnownFileType = sourcecode.swift; path = "SavedTapsViewController+UISearchBarDelegate.swift"; sourceTree = "<group>"; };
		780A8DC04979D988BFBE6D14 /* Web */ = {isa = PBXFileReference; includeInIndex = 0; lastKnownFileType = text; path = Web; sourceTree = BUILT_PRODUCTS_DIR; };
		7C8ACD5EBEE81BF3F3703D00 /* CameraOverlayView.swift */ = {isa = PBXFileReference; lastKnownFileType = sourcecode.swift; path = CameraOverlayView.swift; sourceTree = "<group>"; };
		880AA06728253910B5D1F81A /* Info.plist */ = {isa = PBXFileReference; lastKnownFileType = text.plist; path = Info.plist; sourceTree = "<group>"; };
		8BC4CE62F7AC981B913F18E9 /* CameraViewController+UICollectionViewDelegate.swift */ = {isa = PBXFileReference; lastKnownFileType = sourcecode.swift; path = "CameraViewController+UICollectionViewDelegate.swift"; sourceTree = "<group>"; };
		935656CC9CE2FB280661178F /* UIButton+Extension.swift */ = {isa = PBXFileReference; lastKnownFileType = sourcecode.swift; path = "UIButton+Extension.swift"; sourceTree = "<group>"; };
		94344FC87696F3296346CA01 /* CameraPreviewView.swift */ = {isa = PBXFileReference; lastKnownFileType = sourcecode.swift; path = CameraPreviewView.swift; sourceTree = "<group>"; };
		973CEDB8780E17647226ACC0 /* ContactsCollectionView.swift */ = {isa = PBXFileReference; lastKnownFileType = sourcecode.swift; path = ContactsCollectionView.swift; sourceTree = "<group>"; };
		9CE23D3372831A7B685FA94F /* KeyboardAccessoryView.swift */ = {isa = PBXFileReference; lastKnownFileType = sourcecode.swift; path = KeyboardAccessoryView.swift; sourceTree = "<group>"; };
		9E7383D01AD2CD3DC33CB3E2 /* Tapsnap.entitlements */ = {isa = PBXFileReference; lastKnownFileType = text.plist.entitlements; path = Tapsnap.entitlements; sourceTree = "<group>"; };
		A86F521E8A3727658211B4A2 /* RootViewController.swift */ = {isa = PBXFileReference; lastKnownFileType = sourcecode.swift; path = RootViewController.swift; sourceTree = "<group>"; };
		B31CE8A158843A25EB0DFC68 /* CameraViewController+UICollectionViewDataSource.swift */ = {isa = PBXFileReference; lastKnownFileType = sourcecode.swift; path = "CameraViewController+UICollectionViewDataSource.swift"; sourceTree = "<group>"; };
		B70F817896C777AFB3FC0433 /* ContactCollectionViewCell.swift */ = {isa = PBXFileReference; lastKnownFileType = sourcecode.swift; path = ContactCollectionViewCell.swift; sourceTree = "<group>"; };
		B851F786DA4738BBC7ADDD13 /* UILabel+Extension.swift */ = {isa = PBXFileReference; lastKnownFileType = sourcecode.swift; path = "UILabel+Extension.swift"; sourceTree = "<group>"; };
		C4C8B897FDADE8980A430106 /* MusicPlaybackView.swift */ = {isa = PBXFileReference; lastKnownFileType = sourcecode.swift; path = MusicPlaybackView.swift; sourceTree = "<group>"; };
		D092867E340FFAEA0055EC8C /* Formatter.swift */ = {isa = PBXFileReference; lastKnownFileType = sourcecode.swift; path = Formatter.swift; sourceTree = "<group>"; };
		D0F1B7785FF0DC5D68FD478D /* ViewBootstrappable.swift */ = {isa = PBXFileReference; lastKnownFileType = sourcecode.swift; path = ViewBootstrappable.swift; sourceTree = "<group>"; };
		E15951311BF34C9BB0FE3C2F /* NowPlayingPreviewTableViewCell.swift */ = {isa = PBXFileReference; lastKnownFileType = sourcecode.swift; path = NowPlayingPreviewTableViewCell.swift; sourceTree = "<group>"; };
		ED2C483523EF3733004F7F52 /* ts1.mov */ = {isa = PBXFileReference; lastKnownFileType = video.quicktime; path = ts1.mov; sourceTree = "<group>"; };
		ED2C483923EF40A2004F7F52 /* PlayerLooper.swift */ = {isa = PBXFileReference; fileEncoding = 4; lastKnownFileType = sourcecode.swift; path = PlayerLooper.swift; sourceTree = "<group>"; };
		ED2C484C23EF6375004F7F52 /* PlaybackViewController+MKMapViewDelegate.swift */ = {isa = PBXFileReference; lastKnownFileType = sourcecode.swift; path = "PlaybackViewController+MKMapViewDelegate.swift"; sourceTree = "<group>"; };
		ED2C484F23EF657C004F7F52 /* MapViewOverlay.swift */ = {isa = PBXFileReference; lastKnownFileType = sourcecode.swift; path = MapViewOverlay.swift; sourceTree = "<group>"; };
		EF2E74C60D5EADC9E648DD25 /* SearchContactsViewController+UISearchResultsUpdating.swift */ = {isa = PBXFileReference; lastKnownFileType = sourcecode.swift; path = "SearchContactsViewController+UISearchResultsUpdating.swift"; sourceTree = "<group>"; };
		F2A7A851871D38A06F417BE0 /* SearchContactsViewController+UISearchBarDelegate.swift */ = {isa = PBXFileReference; lastKnownFileType = sourcecode.swift; path = "SearchContactsViewController+UISearchBarDelegate.swift"; sourceTree = "<group>"; };
		F43C45FE2394DF0F3EE0E5CC /* Dolo.xcdatamodel */ = {isa = PBXFileReference; lastKnownFileType = wrapper.xcdatamodel; path = Dolo.xcdatamodel; sourceTree = "<group>"; };
		F4409B077345D1B9B02C6D32 /* TapsnapTests.xctest */ = {isa = PBXFileReference; includeInIndex = 0; lastKnownFileType = wrapper.cfbundle; path = TapsnapTests.xctest; sourceTree = BUILT_PRODUCTS_DIR; };
		F9EEDD1D28EB6874C497953C /* IndeterminateProgressView.swift */ = {isa = PBXFileReference; lastKnownFileType = sourcecode.swift; path = IndeterminateProgressView.swift; sourceTree = "<group>"; };
		F9F5D6BFE34CF3CA503D8669 /* Info.plist */ = {isa = PBXFileReference; lastKnownFileType = text.plist; path = Info.plist; sourceTree = "<group>"; };
		FE7EBA8689CADC6D750F9940 /* DoloTests.swift */ = {isa = PBXFileReference; lastKnownFileType = sourcecode.swift; path = DoloTests.swift; sourceTree = "<group>"; };
/* End PBXFileReference section */

/* Begin PBXFrameworksBuildPhase section */
		A7680B0A566555AB996C8BB6 /* Frameworks */ = {
			isa = PBXFrameworksBuildPhase;
			buildActionMask = 2147483647;
			files = (
				FF320E97C50A9B334BA51547 /* Publish in Frameworks */,
			);
			runOnlyForDeploymentPostprocessing = 0;
		};
/* End PBXFrameworksBuildPhase section */

/* Begin PBXGroup section */
		003C2EC4C962B79E42490DBD /* LoggedIn */ = {
			isa = PBXGroup;
			children = (
				5E6DAA497C51E06D884C0B2C /* LoggedInViewController.swift */,
				E406814D34DFE8CB910BF391 /* Camera */,
				7C5978959DFB0C415BC9A390 /* Menu */,
				E08A2059AD9CE9BEA87BA865 /* Onboarding */,
				00F11CF7232C41398FB2CAA8 /* Playback */,
				E3CED9C998F7E29BD74DE07B /* SearchContacts */,
			);
			path = LoggedIn;
			sourceTree = "<group>";
		};
		00F11CF7232C41398FB2CAA8 /* Playback */ = {
			isa = PBXGroup;
			children = (
				363154E07C7BBF93B754F492 /* PlaybackViewController.swift */,
				ED2C484C23EF6375004F7F52 /* PlaybackViewController+MKMapViewDelegate.swift */,
				F833A6B6616A443E1FCE1C61 /* Views */,
			);
			path = Playback;
			sourceTree = "<group>";
		};
		3485EF75C3FD9E24EC1B2598 /* Root */ = {
			isa = PBXGroup;
			children = (
				A86F521E8A3727658211B4A2 /* RootViewController.swift */,
				003C2EC4C962B79E42490DBD /* LoggedIn */,
				63BE00F43831F5FEC04F7367 /* LoggedOut */,
			);
			path = Root;
			sourceTree = "<group>";
		};
		5A6F49659D49014364C59390 /* Tapsnap */ = {
			isa = PBXGroup;
			children = (
				ED2C483523EF3733004F7F52 /* ts1.mov */,
				1CF68CFF208FBD50311A01D5 /* AppDelegate.swift */,
				4D03047C2E3CD982E5D1E38E /* Assets.xcassets */,
				880AA06728253910B5D1F81A /* Info.plist */,
				CBB92E046CD027936FF1AB84 /* LaunchScreen.storyboard */,
				769C4D077B7CFCA8544D1A3E /* SceneDelegate.swift */,
				9E7383D01AD2CD3DC33CB3E2 /* Tapsnap.entitlements */,
				0F985F82AA8186B1FFB56A3A /* Tapsnap.xcdatamodeld */,
				3485EF75C3FD9E24EC1B2598 /* Root */,
				5B357A0CFC5D38D252784D58 /* World */,
			);
			path = Tapsnap;
			sourceTree = "<group>";
		};
		5B357A0CFC5D38D252784D58 /* World */ = {
			isa = PBXGroup;
			children = (
				2794F5FFE087FFD18DAD1F8A /* CLLocationManager+Combine.swift */,
				D092867E340FFAEA0055EC8C /* Formatter.swift */,
				935656CC9CE2FB280661178F /* UIButton+Extension.swift */,
				B851F786DA4738BBC7ADDD13 /* UILabel+Extension.swift */,
				D0F1B7785FF0DC5D68FD478D /* ViewBootstrappable.swift */,
				2FCE2621E3412630A639A0E9 /* World.swift */,
			);
			path = World;
			sourceTree = "<group>";
		};
		6217B4B7FA2175C2D4D28CFF /* Views */ = {
			isa = PBXGroup;
			children = (
				7C8ACD5EBEE81BF3F3703D00 /* CameraOverlayView.swift */,
				94344FC87696F3296346CA01 /* CameraPreviewView.swift */,
				B70F817896C777AFB3FC0433 /* ContactCollectionViewCell.swift */,
				973CEDB8780E17647226ACC0 /* ContactsCollectionView.swift */,
				75B33AE9F232CA872F98978A /* DrawingToolsView.swift */,
				F9EEDD1D28EB6874C497953C /* IndeterminateProgressView.swift */,
				9CE23D3372831A7B685FA94F /* KeyboardAccessoryView.swift */,
				C4C8B897FDADE8980A430106 /* MusicPlaybackView.swift */,
				E15951311BF34C9BB0FE3C2F /* NowPlayingPreviewTableViewCell.swift */,
				324EF45CD0C3DCDA08174727 /* RecordProgressView.swift */,
				1FACB115B1E5F1F0029A7940 /* SyncTableViewCell.swift */,
				136E453746FC1A56F9A261CA /* TextOverlayView.swift */,
			);
			path = Views;
			sourceTree = "<group>";
		};
		63BE00F43831F5FEC04F7367 /* LoggedOut */ = {
			isa = PBXGroup;
			children = (
				0481FEC9E55AB29A26B9238B /* LoggedOutViewController.swift */,
			);
			path = LoggedOut;
			sourceTree = "<group>";
		};
		6803BFD8A97340E540815774 = {
			isa = PBXGroup;
			children = (
				5A6F49659D49014364C59390 /* Tapsnap */,
				9E56A6D23262E00CCE7B79AF /* TapsnapTests */,
				E1B2AE3E0FB821DDCE822F59 /* Website */,
				832B0EE083BC0F4BCBBF460A /* Products */,
			);
			sourceTree = "<group>";
		};
		75F258D118EBD8EA18589D7D /* Views */ = {
			isa = PBXGroup;
			children = (
				390017BF26255640A332187B /* MenuCellTableViewCell.swift */,
			);
			path = Views;
			sourceTree = "<group>";
		};
		7C5978959DFB0C415BC9A390 /* Menu */ = {
			isa = PBXGroup;
			children = (
				3059A4AF94DCA0B1236599D8 /* MenuViewController.swift */,
				698527CF1BAF2A4AFBCED1FD /* MenuViewController+UITableViewDataSource.swift */,
				FEED53FF1A6FE82D2CE20A0E /* Models */,
				AC8E376C67070B908DA41A49 /* Saved */,
				75F258D118EBD8EA18589D7D /* Views */,
			);
			path = Menu;
			sourceTree = "<group>";
		};
		832B0EE083BC0F4BCBBF460A /* Products */ = {
			isa = PBXGroup;
			children = (
				1C91A7E84958BFD9517292B6 /* Tapsnap.app */,
				F4409B077345D1B9B02C6D32 /* TapsnapTests.xctest */,
				780A8DC04979D988BFBE6D14 /* Web */,
			);
			name = Products;
			sourceTree = "<group>";
		};
		9AE5B963D6795C0FE8D3CEAC /* Sources */ = {
			isa = PBXGroup;
			children = (
				3A03D34D5EFD9078502D2B3D /* main.swift */,
			);
			path = Sources;
			sourceTree = "<group>";
		};
		9E56A6D23262E00CCE7B79AF /* TapsnapTests */ = {
			isa = PBXGroup;
			children = (
				FE7EBA8689CADC6D750F9940 /* DoloTests.swift */,
				F9F5D6BFE34CF3CA503D8669 /* Info.plist */,
			);
			path = TapsnapTests;
			sourceTree = "<group>";
		};
		AC8E376C67070B908DA41A49 /* Saved */ = {
			isa = PBXGroup;
			children = (
				407456196370DF88EC8AC28D /* SavedTapsViewController.swift */,
				7804AD1BEDDF879B464AEA26 /* SavedTapsViewController+UISearchBarDelegate.swift */,
				3391EC80872D369C9F1D55CF /* SavedTapsViewController+UISearchControllerDelegate.swift */,
				44FE7CA40E65B9B892468463 /* SavedTapsViewController+UISearchResultsUpdating.swift.swift */,
			);
			path = Saved;
			sourceTree = "<group>";
		};
		E08A2059AD9CE9BEA87BA865 /* Onboarding */ = {
			isa = PBXGroup;
			children = (
				7052B4CE08D672F73ECB0E2C /* OnboardingViewController.swift */,
			);
			path = Onboarding;
			sourceTree = "<group>";
		};
		E1B2AE3E0FB821DDCE822F59 /* Website */ = {
			isa = PBXGroup;
			children = (
				9AE5B963D6795C0FE8D3CEAC /* Sources */,
			);
			path = Website;
			sourceTree = "<group>";
		};
		E3CED9C998F7E29BD74DE07B /* SearchContacts */ = {
			isa = PBXGroup;
			children = (
				2F42B1667B76CAFE6765BBD3 /* SearchContactsViewController.swift */,
				F2A7A851871D38A06F417BE0 /* SearchContactsViewController+UISearchBarDelegate.swift */,
				0180F9CF40B86DB40C15BFBC /* SearchContactsViewController+UISearchControllerDelegate.swift */,
				EF2E74C60D5EADC9E648DD25 /* SearchContactsViewController+UISearchResultsUpdating.swift */,
			);
			path = SearchContacts;
			sourceTree = "<group>";
		};
		E406814D34DFE8CB910BF391 /* Camera */ = {
			isa = PBXGroup;
			children = (
				69EE72D052B3BCCB27DDDBC4 /* CameraViewController.swift */,
				B31CE8A158843A25EB0DFC68 /* CameraViewController+UICollectionViewDataSource.swift */,
				8BC4CE62F7AC981B913F18E9 /* CameraViewController+UICollectionViewDelegate.swift */,
				6217B4B7FA2175C2D4D28CFF /* Views */,
			);
			path = Camera;
			sourceTree = "<group>";
		};
		F833A6B6616A443E1FCE1C61 /* Views */ = {
			isa = PBXGroup;
			children = (
				ED2C483923EF40A2004F7F52 /* PlayerLooper.swift */,
				58CC607B90ABB2DC535F466F /* PersonAnnotationView.swift */,
				ED2C484F23EF657C004F7F52 /* MapViewOverlay.swift */,
			);
			path = Views;
			sourceTree = "<group>";
		};
		FEED53FF1A6FE82D2CE20A0E /* Models */ = {
			isa = PBXGroup;
			children = (
				498458FBC2D4D55AE69522B1 /* MenuModels.swift */,
			);
			path = Models;
			sourceTree = "<group>";
		};
/* End PBXGroup section */

/* Begin PBXNativeTarget section */
		9495FDBD704DC879B6B218A9 /* Tapsnap */ = {
			isa = PBXNativeTarget;
			buildConfigurationList = D6DC16EE5754885C8E9AA0BA /* Build configuration list for PBXNativeTarget "Tapsnap" */;
			buildPhases = (
				01C64B6AF7E97FFB35F3331D /* Sources */,
				DF85E74D7F913E1F547B770E /* Resources */,
			);
			buildRules = (
			);
			dependencies = (
			);
			name = Tapsnap;
			productName = Tapsnap;
			productReference = 1C91A7E84958BFD9517292B6 /* Tapsnap.app */;
			productType = "com.apple.product-type.application";
		};
		D714C02D509E7AC733447861 /* TapsnapTests */ = {
			isa = PBXNativeTarget;
			buildConfigurationList = 5642933A4E30B98336B68CDF /* Build configuration list for PBXNativeTarget "TapsnapTests" */;
			buildPhases = (
				E9A9408A342C0376C79C6099 /* Sources */,
			);
			buildRules = (
			);
			dependencies = (
				89AA69F8B28D5A62A965A34F /* PBXTargetDependency */,
			);
			name = TapsnapTests;
			productName = TapsnapTests;
			productReference = F4409B077345D1B9B02C6D32 /* TapsnapTests.xctest */;
			productType = "com.apple.product-type.bundle.unit-test";
		};
		F689F375F906563163F97FE2 /* Web */ = {
			isa = PBXNativeTarget;
			buildConfigurationList = 1750E1695EB0B17EA31581B9 /* Build configuration list for PBXNativeTarget "Web" */;
			buildPhases = (
				D2ACC401F85B895B0733B2AD /* Sources */,
				A7680B0A566555AB996C8BB6 /* Frameworks */,
			);
			buildRules = (
			);
			dependencies = (
			);
			name = Web;
			packageProductDependencies = (
				1242DD598088F38154B6B61B /* Publish */,
			);
			productName = Web;
			productReference = 780A8DC04979D988BFBE6D14 /* Web */;
			productType = "com.apple.product-type.tool";
		};
/* End PBXNativeTarget section */

/* Begin PBXProject section */
		D0BD78D46161BCEF6F917A8C /* Project object */ = {
			isa = PBXProject;
			attributes = {
				LastUpgradeCheck = 1020;
				TargetAttributes = {
					9495FDBD704DC879B6B218A9 = {
						DevelopmentTeam = K78G42H4U2;
					};
					D714C02D509E7AC733447861 = {
						DevelopmentTeam = K78G42H4U2;
						TestTargetID = 9495FDBD704DC879B6B218A9;
					};
					F689F375F906563163F97FE2 = {
						DevelopmentTeam = K78G42H4U2;
					};
				};
			};
			buildConfigurationList = 3F19EA590F165979C250B682 /* Build configuration list for PBXProject "Tapsnap" */;
			compatibilityVersion = "Xcode 10.0";
			developmentRegion = en;
			hasScannedForEncodings = 0;
			knownRegions = (
				en,
				Base,
			);
			mainGroup = 6803BFD8A97340E540815774;
			packageReferences = (
				D404D97784776A2EE72F98E9 /* XCRemoteSwiftPackageReference "publish" */,
			);
			projectDirPath = "";
			projectRoot = "";
			targets = (
				9495FDBD704DC879B6B218A9 /* Tapsnap */,
				D714C02D509E7AC733447861 /* TapsnapTests */,
				F689F375F906563163F97FE2 /* Web */,
			);
		};
/* End PBXProject section */

/* Begin PBXResourcesBuildPhase section */
		DF85E74D7F913E1F547B770E /* Resources */ = {
			isa = PBXResourcesBuildPhase;
			buildActionMask = 2147483647;
			files = (
				ED2C483623EF3733004F7F52 /* ts1.mov in Resources */,
				A82CDC252A3653C4519C16FA /* Assets.xcassets in Resources */,
				DD02C776E10CF87F7623060B /* LaunchScreen.storyboard in Resources */,
			);
			runOnlyForDeploymentPostprocessing = 0;
		};
/* End PBXResourcesBuildPhase section */

/* Begin PBXSourcesBuildPhase section */
		01C64B6AF7E97FFB35F3331D /* Sources */ = {
			isa = PBXSourcesBuildPhase;
			buildActionMask = 2147483647;
			files = (
				ED2C484D23EF6375004F7F52 /* PlaybackViewController+MKMapViewDelegate.swift in Sources */,
				5067307D7CA64C0B64BFE45C /* AppDelegate.swift in Sources */,
				F8BC17E6DAD7EAD51C1DEE31 /* CLLocationManager+Combine.swift in Sources */,
				E023B65985451D87D08E505A /* CameraOverlayView.swift in Sources */,
				22441ACCFD9F673D8EC70B23 /* CameraPreviewView.swift in Sources */,
				78FD54943CAFF8C9035664DE /* CameraViewController+UICollectionViewDataSource.swift in Sources */,
				29ECF65DB83B3C480AC782C0 /* CameraViewController+UICollectionViewDelegate.swift in Sources */,
				4A98C7DD8DD24B8F690FCFD2 /* CameraViewController.swift in Sources */,
				4296ABD2EB34055CB28AA8D5 /* ContactCollectionViewCell.swift in Sources */,
				155FD04BF3EA39EBD754BDD6 /* ContactsCollectionView.swift in Sources */,
				6B43BDADE1938D6C860D4BE9 /* DrawingToolsView.swift in Sources */,
				C1839759E1E3E4E4F07F9D07 /* Formatter.swift in Sources */,
				23CEA16D7F7985D61172B946 /* IndeterminateProgressView.swift in Sources */,
				A58531E42B3285C125B4BC14 /* KeyboardAccessoryView.swift in Sources */,
				AFA4B5B9C3DE95B8CCEE172D /* LoggedInViewController.swift in Sources */,
				DD6A04D0AC022CB627DB36AE /* LoggedOutViewController.swift in Sources */,
				EBB499194ECD7AB83548A673 /* MenuCellTableViewCell.swift in Sources */,
				C8D06DFC8502753F611D62C0 /* MenuModels.swift in Sources */,
				3F1A7E560EB467CABA3D8E36 /* MenuViewController+UITableViewDataSource.swift in Sources */,
				180CC59DBCBF2C5F6981762F /* MenuViewController.swift in Sources */,
				1ACADBCC58A1D7F2300EC556 /* MusicPlaybackView.swift in Sources */,
				FA66328C9E511CDB5F89FACD /* NowPlayingPreviewTableViewCell.swift in Sources */,
				18DFAD298AD224C785C85011 /* OnboardingViewController.swift in Sources */,
				DBC106F1029BFF5DD36907DA /* PersonAnnotationView.swift in Sources */,
				1047116A40B5EE793B3B33B2 /* PlaybackViewController.swift in Sources */,
				FC8C8BDACCCEF7914FC62666 /* RecordProgressView.swift in Sources */,
				ED2C483A23EF40A2004F7F52 /* PlayerLooper.swift in Sources */,
				E3ED872C4EB02E8B00CC5920 /* RootViewController.swift in Sources */,
				500C9678CE94513205BEA4D0 /* SavedTapsViewController+UISearchBarDelegate.swift in Sources */,
				B2B31D4CC31457910B010787 /* SavedTapsViewController+UISearchControllerDelegate.swift in Sources */,
				08B997478DA5620DC8E7B573 /* SavedTapsViewController+UISearchResultsUpdating.swift.swift in Sources */,
				6006081149337EAE465CE208 /* SavedTapsViewController.swift in Sources */,
				0BB7CAA9C661FCDBC279BEFD /* SceneDelegate.swift in Sources */,
				CF316AB82F76159755C780BD /* SearchContactsViewController+UISearchBarDelegate.swift in Sources */,
				2F4F7CB3B90C4A3A2D8B8F71 /* SearchContactsViewController+UISearchControllerDelegate.swift in Sources */,
				C29EE32C12F71E0B9F186304 /* SearchContactsViewController+UISearchResultsUpdating.swift in Sources */,
				1508AA5A76058B45B00A0930 /* SearchContactsViewController.swift in Sources */,
				9F9E8C560DF38967EF1748CB /* SyncTableViewCell.swift in Sources */,
				ED2C485023EF657C004F7F52 /* MapViewOverlay.swift in Sources */,
				E0CC88252B80F4D873A8E1B4 /* Tapsnap.xcdatamodeld in Sources */,
				3E135B3650A3BBE3722DF126 /* TextOverlayView.swift in Sources */,
				BE7021A6E63D3B1B771DE218 /* UIButton+Extension.swift in Sources */,
				F706313D9D716BADCD569DB2 /* UILabel+Extension.swift in Sources */,
				E718FD70CBEF1713E161EC68 /* ViewBootstrappable.swift in Sources */,
				9E45F15C27283EA75A95FDA8 /* World.swift in Sources */,
			);
			runOnlyForDeploymentPostprocessing = 0;
		};
		D2ACC401F85B895B0733B2AD /* Sources */ = {
			isa = PBXSourcesBuildPhase;
			buildActionMask = 2147483647;
			files = (
				9459D858A99F4EE793F37E92 /* main.swift in Sources */,
			);
			runOnlyForDeploymentPostprocessing = 0;
		};
		E9A9408A342C0376C79C6099 /* Sources */ = {
			isa = PBXSourcesBuildPhase;
			buildActionMask = 2147483647;
			files = (
				B1056B558F641BB2E6E27970 /* DoloTests.swift in Sources */,
			);
			runOnlyForDeploymentPostprocessing = 0;
		};
/* End PBXSourcesBuildPhase section */

/* Begin PBXTargetDependency section */
		89AA69F8B28D5A62A965A34F /* PBXTargetDependency */ = {
			isa = PBXTargetDependency;
			target = 9495FDBD704DC879B6B218A9 /* Tapsnap */;
			targetProxy = 1398CE87B1D8253804A88032 /* PBXContainerItemProxy */;
		};
/* End PBXTargetDependency section */

/* Begin PBXVariantGroup section */
		CBB92E046CD027936FF1AB84 /* LaunchScreen.storyboard */ = {
			isa = PBXVariantGroup;
			children = (
				1E519411855163D974866C78 /* Base */,
			);
			name = LaunchScreen.storyboard;
			sourceTree = "<group>";
		};
/* End PBXVariantGroup section */

/* Begin XCBuildConfiguration section */
		33CAEE5B1542828C20BC16B0 /* Debug */ = {
			isa = XCBuildConfiguration;
			buildSettings = {
				COMBINE_HIDPI_IMAGES = YES;
				LD_RUNPATH_SEARCH_PATHS = (
					"$(inherited)",
					"@executable_path/../Frameworks",
				);
				PRODUCT_BUNDLE_IDENTIFIER = app.tapsnap.Web;
				SDKROOT = macosx;
			};
			name = Debug;
		};
		54672B290182A5E889F0158F /* Debug */ = {
			isa = XCBuildConfiguration;
			buildSettings = {
				ASSETCATALOG_COMPILER_APPICON_NAME = AppIcon;
				CODE_SIGN_IDENTITY = "iPhone Developer";
				INFOPLIST_FILE = Tapsnap/Info.plist;
				LD_RUNPATH_SEARCH_PATHS = (
					"$(inherited)",
					"@executable_path/Frameworks",
				);
				PRODUCT_BUNDLE_IDENTIFIER = app.tapsnap.Tapsnap;
				SDKROOT = iphoneos;
				TARGETED_DEVICE_FAMILY = "1,2";
			};
			name = Debug;
		};
		8AD29F0E48DDA5D0D099E82C /* Release */ = {
			isa = XCBuildConfiguration;
			buildSettings = {
				ALWAYS_SEARCH_USER_PATHS = NO;
				CLANG_ANALYZER_NONNULL = YES;
				CLANG_ANALYZER_NUMBER_OBJECT_CONVERSION = YES_AGGRESSIVE;
				CLANG_CXX_LANGUAGE_STANDARD = "gnu++14";
				CLANG_CXX_LIBRARY = "libc++";
				CLANG_ENABLE_MODULES = YES;
				CLANG_ENABLE_OBJC_ARC = YES;
				CLANG_WARN_BLOCK_CAPTURE_AUTORELEASING = YES;
				CLANG_WARN_BOOL_CONVERSION = YES;
				CLANG_WARN_COMMA = YES;
				CLANG_WARN_CONSTANT_CONVERSION = YES;
				CLANG_WARN_DEPRECATED_OBJC_IMPLEMENTATIONS = YES;
				CLANG_WARN_DIRECT_OBJC_ISA_USAGE = YES_ERROR;
				CLANG_WARN_DOCUMENTATION_COMMENTS = YES;
				CLANG_WARN_EMPTY_BODY = YES;
				CLANG_WARN_ENUM_CONVERSION = YES;
				CLANG_WARN_INFINITE_RECURSION = YES;
				CLANG_WARN_INT_CONVERSION = YES;
				CLANG_WARN_NON_LITERAL_NULL_CONVERSION = YES;
				CLANG_WARN_OBJC_IMPLICIT_RETAIN_SELF = YES;
				CLANG_WARN_OBJC_LITERAL_CONVERSION = YES;
				CLANG_WARN_OBJC_ROOT_CLASS = YES_ERROR;
				CLANG_WARN_RANGE_LOOP_ANALYSIS = YES;
				CLANG_WARN_STRICT_PROTOTYPES = YES;
				CLANG_WARN_SUSPICIOUS_MOVE = YES;
				CLANG_WARN_UNGUARDED_AVAILABILITY = YES_AGGRESSIVE;
				CLANG_WARN_UNREACHABLE_CODE = YES;
				CLANG_WARN__DUPLICATE_METHOD_MATCH = YES;
				COPY_PHASE_STRIP = NO;
				DEBUG_INFORMATION_FORMAT = "dwarf-with-dsym";
				DEVELOPMENT_TEAM = K78G42H4U2;
				ENABLE_NS_ASSERTIONS = NO;
				ENABLE_STRICT_OBJC_MSGSEND = YES;
				GCC_C_LANGUAGE_STANDARD = gnu11;
				GCC_NO_COMMON_BLOCKS = YES;
				GCC_WARN_64_TO_32_BIT_CONVERSION = YES;
				GCC_WARN_ABOUT_RETURN_TYPE = YES_ERROR;
				GCC_WARN_UNDECLARED_SELECTOR = YES;
				GCC_WARN_UNINITIALIZED_AUTOS = YES_AGGRESSIVE;
				GCC_WARN_UNUSED_FUNCTION = YES;
				GCC_WARN_UNUSED_VARIABLE = YES;
				PRODUCT_NAME = "$(TARGET_NAME)";
				SWIFT_COMPILATION_MODE = wholemodule;
				SWIFT_VERSION = 5.0;
				VALIDATE_PRODUCT = YES;
			};
			name = Release;
		};
		99B9357A71841A1E17F25388 /* Debug */ = {
			isa = XCBuildConfiguration;
			buildSettings = {
				ALWAYS_SEARCH_USER_PATHS = NO;
				CLANG_ANALYZER_NONNULL = YES;
				CLANG_ANALYZER_NUMBER_OBJECT_CONVERSION = YES_AGGRESSIVE;
				CLANG_CXX_LANGUAGE_STANDARD = "gnu++14";
				CLANG_CXX_LIBRARY = "libc++";
				CLANG_ENABLE_MODULES = YES;
				CLANG_ENABLE_OBJC_ARC = YES;
				CLANG_WARN_BLOCK_CAPTURE_AUTORELEASING = YES;
				CLANG_WARN_BOOL_CONVERSION = YES;
				CLANG_WARN_COMMA = YES;
				CLANG_WARN_CONSTANT_CONVERSION = YES;
				CLANG_WARN_DEPRECATED_OBJC_IMPLEMENTATIONS = YES;
				CLANG_WARN_DIRECT_OBJC_ISA_USAGE = YES_ERROR;
				CLANG_WARN_DOCUMENTATION_COMMENTS = YES;
				CLANG_WARN_EMPTY_BODY = YES;
				CLANG_WARN_ENUM_CONVERSION = YES;
				CLANG_WARN_INFINITE_RECURSION = YES;
				CLANG_WARN_INT_CONVERSION = YES;
				CLANG_WARN_NON_LITERAL_NULL_CONVERSION = YES;
				CLANG_WARN_OBJC_IMPLICIT_RETAIN_SELF = YES;
				CLANG_WARN_OBJC_LITERAL_CONVERSION = YES;
				CLANG_WARN_OBJC_ROOT_CLASS = YES_ERROR;
				CLANG_WARN_RANGE_LOOP_ANALYSIS = YES;
				CLANG_WARN_STRICT_PROTOTYPES = YES;
				CLANG_WARN_SUSPICIOUS_MOVE = YES;
				CLANG_WARN_UNGUARDED_AVAILABILITY = YES_AGGRESSIVE;
				CLANG_WARN_UNREACHABLE_CODE = YES;
				CLANG_WARN__DUPLICATE_METHOD_MATCH = YES;
				COPY_PHASE_STRIP = NO;
				DEBUG_INFORMATION_FORMAT = dwarf;
				DEVELOPMENT_TEAM = K78G42H4U2;
				ENABLE_STRICT_OBJC_MSGSEND = YES;
				ENABLE_TESTABILITY = YES;
				GCC_C_LANGUAGE_STANDARD = gnu11;
				GCC_DYNAMIC_NO_PIC = NO;
				GCC_NO_COMMON_BLOCKS = YES;
				GCC_OPTIMIZATION_LEVEL = 0;
				GCC_PREPROCESSOR_DEFINITIONS = (
					"$(inherited)",
					"DEBUG=1",
				);
				GCC_WARN_64_TO_32_BIT_CONVERSION = YES;
				GCC_WARN_ABOUT_RETURN_TYPE = YES_ERROR;
				GCC_WARN_UNDECLARED_SELECTOR = YES;
				GCC_WARN_UNINITIALIZED_AUTOS = YES_AGGRESSIVE;
				GCC_WARN_UNUSED_FUNCTION = YES;
				GCC_WARN_UNUSED_VARIABLE = YES;
				MTL_ENABLE_DEBUG_INFO = YES;
				ONLY_ACTIVE_ARCH = YES;
				PRODUCT_NAME = "$(TARGET_NAME)";
				SWIFT_ACTIVE_COMPILATION_CONDITIONS = DEBUG;
				SWIFT_OPTIMIZATION_LEVEL = "-Onone";
				SWIFT_VERSION = 5.0;
			};
			name = Debug;
		};
		A6B2292F649C91CD53A66F15 /* Debug */ = {
			isa = XCBuildConfiguration;
			buildSettings = {
				BUNDLE_LOADER = "$(TEST_HOST)";
				INFOPLIST_FILE = TapsnapTests/Info.plist;
				LD_RUNPATH_SEARCH_PATHS = (
					"$(inherited)",
					"@executable_path/Frameworks",
					"@loader_path/Frameworks",
				);
				PRODUCT_BUNDLE_IDENTIFIER = app.tapsnap.TapsnapTests;
				SDKROOT = iphoneos;
				TARGETED_DEVICE_FAMILY = "1,2";
				TEST_HOST = "$(BUILT_PRODUCTS_DIR)/Tapsnap.app/Tapsnap";
				TEST_TARGET_NAME = Tapsnap;
			};
			name = Debug;
		};
		B83339915B269DF42CB8A860 /* Release */ = {
			isa = XCBuildConfiguration;
			buildSettings = {
				BUNDLE_LOADER = "$(TEST_HOST)";
				INFOPLIST_FILE = TapsnapTests/Info.plist;
				LD_RUNPATH_SEARCH_PATHS = (
					"$(inherited)",
					"@executable_path/Frameworks",
					"@loader_path/Frameworks",
				);
				PRODUCT_BUNDLE_IDENTIFIER = app.tapsnap.TapsnapTests;
				SDKROOT = iphoneos;
				TARGETED_DEVICE_FAMILY = "1,2";
				TEST_HOST = "$(BUILT_PRODUCTS_DIR)/Tapsnap.app/Tapsnap";
				TEST_TARGET_NAME = Tapsnap;
			};
			name = Release;
		};
		B9C2655109C111E376DE9EA2 /* Release */ = {
			isa = XCBuildConfiguration;
			buildSettings = {
				ASSETCATALOG_COMPILER_APPICON_NAME = AppIcon;
				CODE_SIGN_IDENTITY = "iPhone Developer";
				INFOPLIST_FILE = Tapsnap/Info.plist;
				LD_RUNPATH_SEARCH_PATHS = (
					"$(inherited)",
					"@executable_path/Frameworks",
				);
				PRODUCT_BUNDLE_IDENTIFIER = app.tapsnap.Tapsnap;
				SDKROOT = iphoneos;
				TARGETED_DEVICE_FAMILY = "1,2";
			};
			name = Release;
		};
		D62C7AAE3EDBB81EC48D4AE0 /* Release */ = {
			isa = XCBuildConfiguration;
			buildSettings = {
				COMBINE_HIDPI_IMAGES = YES;
				LD_RUNPATH_SEARCH_PATHS = (
					"$(inherited)",
					"@executable_path/../Frameworks",
				);
				PRODUCT_BUNDLE_IDENTIFIER = app.tapsnap.Web;
				SDKROOT = macosx;
			};
			name = Release;
		};
/* End XCBuildConfiguration section */

/* Begin XCConfigurationList section */
		1750E1695EB0B17EA31581B9 /* Build configuration list for PBXNativeTarget "Web" */ = {
			isa = XCConfigurationList;
			buildConfigurations = (
				33CAEE5B1542828C20BC16B0 /* Debug */,
				D62C7AAE3EDBB81EC48D4AE0 /* Release */,
			);
			defaultConfigurationIsVisible = 0;
			defaultConfigurationName = "";
		};
		3F19EA590F165979C250B682 /* Build configuration list for PBXProject "Tapsnap" */ = {
			isa = XCConfigurationList;
			buildConfigurations = (
				99B9357A71841A1E17F25388 /* Debug */,
				8AD29F0E48DDA5D0D099E82C /* Release */,
			);
			defaultConfigurationIsVisible = 0;
			defaultConfigurationName = Debug;
		};
		5642933A4E30B98336B68CDF /* Build configuration list for PBXNativeTarget "TapsnapTests" */ = {
			isa = XCConfigurationList;
			buildConfigurations = (
				A6B2292F649C91CD53A66F15 /* Debug */,
				B83339915B269DF42CB8A860 /* Release */,
			);
			defaultConfigurationIsVisible = 0;
			defaultConfigurationName = "";
		};
		D6DC16EE5754885C8E9AA0BA /* Build configuration list for PBXNativeTarget "Tapsnap" */ = {
			isa = XCConfigurationList;
			buildConfigurations = (
				54672B290182A5E889F0158F /* Debug */,
				B9C2655109C111E376DE9EA2 /* Release */,
			);
			defaultConfigurationIsVisible = 0;
			defaultConfigurationName = "";
		};
/* End XCConfigurationList section */

/* Begin XCRemoteSwiftPackageReference section */
		D404D97784776A2EE72F98E9 /* XCRemoteSwiftPackageReference "publish" */ = {
			isa = XCRemoteSwiftPackageReference;
			repositoryURL = "https://github.com/johnsundell/publish";
			requirement = {
				kind = upToNextMajorVersion;
				minimumVersion = 0.1.0;
			};
		};
/* End XCRemoteSwiftPackageReference section */

/* Begin XCSwiftPackageProductDependency section */
		1242DD598088F38154B6B61B /* Publish */ = {
			isa = XCSwiftPackageProductDependency;
			package = D404D97784776A2EE72F98E9 /* XCRemoteSwiftPackageReference "publish" */;
			productName = Publish;
		};
/* End XCSwiftPackageProductDependency section */

/* Begin XCVersionGroup section */
		0F985F82AA8186B1FFB56A3A /* Tapsnap.xcdatamodeld */ = {
			isa = XCVersionGroup;
			children = (
				F43C45FE2394DF0F3EE0E5CC /* Dolo.xcdatamodel */,
			);
			currentVersion = F43C45FE2394DF0F3EE0E5CC /* Dolo.xcdatamodel */;
			path = Tapsnap.xcdatamodeld;
			sourceTree = "<group>";
			versionGroupType = wrapper.xcdatamodel;
		};
/* End XCVersionGroup section */
	};
	rootObject = D0BD78D46161BCEF6F917A8C /* Project object */;
}
