// !$*UTF8*$!
{
	archiveVersion = 1;
	classes = {
	};
	objectVersion = 51;
	objects = {

/* Begin PBXBuildFile section */
		A82CDC252A3653C4519C16FA /* Assets.xcassets in Resources */ = {isa = PBXBuildFile; fileRef = 4D03047C2E3CD982E5D1E38E /* Assets.xcassets */; };
		DD02C776E10CF87F7623060B /* LaunchScreen.storyboard in Resources */ = {isa = PBXBuildFile; fileRef = CBB92E046CD027936FF1AB84 /* LaunchScreen.storyboard */; };
		ED2222D52468D8BC0007D3EE /* Localizable.strings in Resources */ = {isa = PBXBuildFile; fileRef = ED2222D42468D8BC0007D3EE /* Localizable.strings */; };
		ED2222D72468DD6D0007D3EE /* Strings.swift in Sources */ = {isa = PBXBuildFile; fileRef = ED2222D62468DD6D0007D3EE /* Strings.swift */; };
		ED28B8412420987700B9C7A3 /* CloudKit.framework in Frameworks */ = {isa = PBXBuildFile; fileRef = ED28B8402420987700B9C7A3 /* CloudKit.framework */; };
		ED82F20E2468DF64005070E7 /* AppDelegate+SKRequestDelegate.swift in Sources */ = {isa = PBXBuildFile; fileRef = ED82F1862468DF63005070E7 /* AppDelegate+SKRequestDelegate.swift */; };
		ED82F20F2468DF64005070E7 /* Constants.swift in Sources */ = {isa = PBXBuildFile; fileRef = ED82F1882468DF63005070E7 /* Constants.swift */; };
		ED82F2102468DF64005070E7 /* KeyStoreError.swift in Sources */ = {isa = PBXBuildFile; fileRef = ED82F18A2468DF63005070E7 /* KeyStoreError.swift */; };
		ED82F2112468DF64005070E7 /* PublicKeyCryptography.swift in Sources */ = {isa = PBXBuildFile; fileRef = ED82F18B2468DF63005070E7 /* PublicKeyCryptography.swift */; };
		ED82F2122468DF64005070E7 /* GenericPasswordStore.swift in Sources */ = {isa = PBXBuildFile; fileRef = ED82F18C2468DF63005070E7 /* GenericPasswordStore.swift */; };
		ED82F2132468DF64005070E7 /* GenericPasswordConvertible.swift in Sources */ = {isa = PBXBuildFile; fileRef = ED82F18D2468DF63005070E7 /* GenericPasswordConvertible.swift */; };
		ED82F2142468DF64005070E7 /* SensorVisualizerWindow.swift in Sources */ = {isa = PBXBuildFile; fileRef = ED82F18F2468DF63005070E7 /* SensorVisualizerWindow.swift */; };
		ED82F2152468DF64005070E7 /* Aliases.swift in Sources */ = {isa = PBXBuildFile; fileRef = ED82F1902468DF63005070E7 /* Aliases.swift */; };
		ED82F2162468DF64005070E7 /* CKContainer+User.swift in Sources */ = {isa = PBXBuildFile; fileRef = ED82F1922468DF63005070E7 /* CKContainer+User.swift */; };
		ED82F2172468DF64005070E7 /* CKContainer+Extensions.swift in Sources */ = {isa = PBXBuildFile; fileRef = ED82F1932468DF63005070E7 /* CKContainer+Extensions.swift */; };
		ED82F2182468DF64005070E7 /* CKContainer+Groups.swift in Sources */ = {isa = PBXBuildFile; fileRef = ED82F1942468DF63005070E7 /* CKContainer+Groups.swift */; };
		ED82F2192468DF64005070E7 /* CKContainer+Messages.swift in Sources */ = {isa = PBXBuildFile; fileRef = ED82F1952468DF63005070E7 /* CKContainer+Messages.swift */; };
		ED82F21A2468DF64005070E7 /* CKContainer+PKI.swift in Sources */ = {isa = PBXBuildFile; fileRef = ED82F1962468DF63005070E7 /* CKContainer+PKI.swift */; };
		ED82F21B2468DF64005070E7 /* PlaybackMetadata.swift in Sources */ = {isa = PBXBuildFile; fileRef = ED82F1982468DF63005070E7 /* PlaybackMetadata.swift */; };
		ED82F21C2468DF64005070E7 /* EXIFProperties.swift in Sources */ = {isa = PBXBuildFile; fileRef = ED82F1992468DF63005070E7 /* EXIFProperties.swift */; };
		ED82F21D2468DF64005070E7 /* CloudKitKeys.swift in Sources */ = {isa = PBXBuildFile; fileRef = ED82F19A2468DF63005070E7 /* CloudKitKeys.swift */; };
		ED82F21E2468DF64005070E7 /* SKPaymentTransactionState+Extensions.swift in Sources */ = {isa = PBXBuildFile; fileRef = ED82F19C2468DF63005070E7 /* SKPaymentTransactionState+Extensions.swift */; };
		ED82F21F2468DF64005070E7 /* CAAnimationGroup+Extensions.swift in Sources */ = {isa = PBXBuildFile; fileRef = ED82F19D2468DF63005070E7 /* CAAnimationGroup+Extensions.swift */; };
		ED82F2202468DF64005070E7 /* OSLog+Extensions.swift in Sources */ = {isa = PBXBuildFile; fileRef = ED82F19E2468DF63005070E7 /* OSLog+Extensions.swift */; };
		ED82F2212468DF64005070E7 /* CKRecord+Extensions.swift in Sources */ = {isa = PBXBuildFile; fileRef = ED82F19F2468DF63005070E7 /* CKRecord+Extensions.swift */; };
		ED82F2222468DF64005070E7 /* UIView+Extensions.swift in Sources */ = {isa = PBXBuildFile; fileRef = ED82F1A02468DF63005070E7 /* UIView+Extensions.swift */; };
		ED82F2232468DF64005070E7 /* UILabel+Extension.swift in Sources */ = {isa = PBXBuildFile; fileRef = ED82F1A12468DF63005070E7 /* UILabel+Extension.swift */; };
		ED82F2242468DF64005070E7 /* UIButton+Extension.swift in Sources */ = {isa = PBXBuildFile; fileRef = ED82F1A22468DF63005070E7 /* UIButton+Extension.swift */; };
		ED82F2252468DF64005070E7 /* MKPinAnnotationView+Extensions.swift in Sources */ = {isa = PBXBuildFile; fileRef = ED82F1A32468DF63005070E7 /* MKPinAnnotationView+Extensions.swift */; };
		ED82F2262468DF64005070E7 /* UIImage+Extensions.swift in Sources */ = {isa = PBXBuildFile; fileRef = ED82F1A42468DF63005070E7 /* UIImage+Extensions.swift */; };
		ED82F2272468DF64005070E7 /* AVAssetTrack+Extensions.swift in Sources */ = {isa = PBXBuildFile; fileRef = ED82F1A52468DF63005070E7 /* AVAssetTrack+Extensions.swift */; };
		ED82F2282468DF64005070E7 /* UINavigationBar+Extensions.swift in Sources */ = {isa = PBXBuildFile; fileRef = ED82F1A62468DF63005070E7 /* UINavigationBar+Extensions.swift */; };
		ED82F2292468DF64005070E7 /* CLLocationManager+Combine.swift in Sources */ = {isa = PBXBuildFile; fileRef = ED82F1A72468DF63005070E7 /* CLLocationManager+Combine.swift */; };
		ED82F22A2468DF64005070E7 /* UICollectionViewCell+Extensions.swift in Sources */ = {isa = PBXBuildFile; fileRef = ED82F1A82468DF63005070E7 /* UICollectionViewCell+Extensions.swift */; };
		ED82F22B2468DF64005070E7 /* SensorVisualizerWindow+Touch.swift in Sources */ = {isa = PBXBuildFile; fileRef = ED82F1A92468DF63005070E7 /* SensorVisualizerWindow+Touch.swift */; };
		ED82F22C2468DF64005070E7 /* EXIFData+Extensions.swift in Sources */ = {isa = PBXBuildFile; fileRef = ED82F1AA2468DF63005070E7 /* EXIFData+Extensions.swift */; };
		ED82F22D2468DF64005070E7 /* UITableViewCell+Extensions.swift in Sources */ = {isa = PBXBuildFile; fileRef = ED82F1AB2468DF63005070E7 /* UITableViewCell+Extensions.swift */; };
		ED82F22E2468DF64005070E7 /* URL+Extensions.swift in Sources */ = {isa = PBXBuildFile; fileRef = ED82F1AC2468DF63005070E7 /* URL+Extensions.swift */; };
		ED82F22F2468DF64005070E7 /* UNNotificationRequest+Extensions.swift in Sources */ = {isa = PBXBuildFile; fileRef = ED82F1AD2468DF63005070E7 /* UNNotificationRequest+Extensions.swift */; };
		ED82F2302468DF64005070E7 /* AVCaptureSession+Extensions.swift in Sources */ = {isa = PBXBuildFile; fileRef = ED82F1AE2468DF63005070E7 /* AVCaptureSession+Extensions.swift */; };
		ED82F2312468DF64005070E7 /* CKContainer+UICloudSharingControllerDelegate.swift in Sources */ = {isa = PBXBuildFile; fileRef = ED82F1AF2468DF63005070E7 /* CKContainer+UICloudSharingControllerDelegate.swift */; };
		ED82F2322468DF64005070E7 /* EmptyDataView.swift in Sources */ = {isa = PBXBuildFile; fileRef = ED82F1B02468DF63005070E7 /* EmptyDataView.swift */; };
		ED82F2332468DF64005070E7 /* Reachability.swift in Sources */ = {isa = PBXBuildFile; fileRef = ED82F1B22468DF63005070E7 /* Reachability.swift */; };
		ED82F2342468DF64005070E7 /* Formatter.swift in Sources */ = {isa = PBXBuildFile; fileRef = ED82F1B32468DF63005070E7 /* Formatter.swift */; };
		ED82F2352468DF64005070E7 /* World.swift in Sources */ = {isa = PBXBuildFile; fileRef = ED82F1B42468DF63005070E7 /* World.swift */; };
		ED82F2362468DF64005070E7 /* ViewBootstrappable.swift in Sources */ = {isa = PBXBuildFile; fileRef = ED82F1B62468DF63005070E7 /* ViewBootstrappable.swift */; };
		ED82F2372468DF64005070E7 /* AppDelegate+CLLocationManagerDelegate.swift in Sources */ = {isa = PBXBuildFile; fileRef = ED82F1B72468DF63005070E7 /* AppDelegate+CLLocationManagerDelegate.swift */; };
		ED82F2382468DF64005070E7 /* AppDelegate+SKPaymentTransactionObserver.swift in Sources */ = {isa = PBXBuildFile; fileRef = ED82F1B82468DF64005070E7 /* AppDelegate+SKPaymentTransactionObserver.swift */; };
		ED82F2392468DF64005070E7 /* AppDelegate.swift in Sources */ = {isa = PBXBuildFile; fileRef = ED82F1B92468DF64005070E7 /* AppDelegate.swift */; };
		ED82F23A2468DF64005070E7 /* AppDelegate+UNUserNotificationCenterDelegate.swift in Sources */ = {isa = PBXBuildFile; fileRef = ED82F1BA2468DF64005070E7 /* AppDelegate+UNUserNotificationCenterDelegate.swift */; };
		ED82F23B2468DF64005070E7 /* RootViewController.swift in Sources */ = {isa = PBXBuildFile; fileRef = ED82F1BC2468DF64005070E7 /* RootViewController.swift */; };
		ED82F23C2468DF64005070E7 /* LoggedOutViewController.swift in Sources */ = {isa = PBXBuildFile; fileRef = ED82F1BE2468DF64005070E7 /* LoggedOutViewController.swift */; };
		ED82F23D2468DF64005070E7 /* OnboardingViewController.swift in Sources */ = {isa = PBXBuildFile; fileRef = ED82F1BF2468DF64005070E7 /* OnboardingViewController.swift */; };
		ED82F23E2468DF64005070E7 /* LoggedInViewController.swift in Sources */ = {isa = PBXBuildFile; fileRef = ED82F1C12468DF64005070E7 /* LoggedInViewController.swift */; };
		ED82F23F2468DF64005070E7 /* SubscriptionValueViewController.swift in Sources */ = {isa = PBXBuildFile; fileRef = ED82F1C32468DF64005070E7 /* SubscriptionValueViewController.swift */; };
		ED82F2402468DF64005070E7 /* SubscriptionViewController.swift in Sources */ = {isa = PBXBuildFile; fileRef = ED82F1C42468DF64005070E7 /* SubscriptionViewController.swift */; };
		ED82F2412468DF64005070E7 /* CameraGroupsDiffableDataSource.swift in Sources */ = {isa = PBXBuildFile; fileRef = ED82F1C72468DF64005070E7 /* CameraGroupsDiffableDataSource.swift */; };
		ED82F2422468DF64005070E7 /* CameraViewController+UICollectionViewDelegate.swift in Sources */ = {isa = PBXBuildFile; fileRef = ED82F1C82468DF64005070E7 /* CameraViewController+UICollectionViewDelegate.swift */; };
		ED82F2432468DF64005070E7 /* NowPlayingPreviewTableViewCell.swift in Sources */ = {isa = PBXBuildFile; fileRef = ED82F1CA2468DF64005070E7 /* NowPlayingPreviewTableViewCell.swift */; };
		ED82F2442468DF64005070E7 /* ContactCollectionViewCell.swift in Sources */ = {isa = PBXBuildFile; fileRef = ED82F1CB2468DF64005070E7 /* ContactCollectionViewCell.swift */; };
		ED82F2452468DF64005070E7 /* SyncTableViewCell.swift in Sources */ = {isa = PBXBuildFile; fileRef = ED82F1CC2468DF64005070E7 /* SyncTableViewCell.swift */; };
		ED82F2462468DF64005070E7 /* CameraViewController+AVCaptureFileOutputRecordingDelegate.swift in Sources */ = {isa = PBXBuildFile; fileRef = ED82F1CD2468DF64005070E7 /* CameraViewController+AVCaptureFileOutputRecordingDelegate.swift */; };
		ED82F2472468DF64005070E7 /* GroupSection.swift in Sources */ = {isa = PBXBuildFile; fileRef = ED82F1CF2468DF64005070E7 /* GroupSection.swift */; };
		ED82F2482468DF64005070E7 /* GroupValue.swift in Sources */ = {isa = PBXBuildFile; fileRef = ED82F1D02468DF64005070E7 /* GroupValue.swift */; };
		ED82F2492468DF64005070E7 /* CameraViewController.swift in Sources */ = {isa = PBXBuildFile; fileRef = ED82F1D12468DF64005070E7 /* CameraViewController.swift */; };
		ED82F24A2468DF64005070E7 /* CameraViewController+AVCapturePhotoCaptureDelegate.swift in Sources */ = {isa = PBXBuildFile; fileRef = ED82F1D22468DF64005070E7 /* CameraViewController+AVCapturePhotoCaptureDelegate.swift */; };
		ED82F24B2468DF64005070E7 /* CameraOverlayView.swift in Sources */ = {isa = PBXBuildFile; fileRef = ED82F1D42468DF64005070E7 /* CameraOverlayView.swift */; };
		ED82F24C2468DF64005070E7 /* KeyboardAccessoryView.swift in Sources */ = {isa = PBXBuildFile; fileRef = ED82F1D52468DF64005070E7 /* KeyboardAccessoryView.swift */; };
		ED82F24D2468DF64005070E7 /* CameraPreviewView.swift in Sources */ = {isa = PBXBuildFile; fileRef = ED82F1D62468DF64005070E7 /* CameraPreviewView.swift */; };
		ED82F24E2468DF64005070E7 /* ContactsCollectionView.swift in Sources */ = {isa = PBXBuildFile; fileRef = ED82F1D72468DF64005070E7 /* ContactsCollectionView.swift */; };
		ED82F24F2468DF64005070E7 /* TextOverlayView.swift in Sources */ = {isa = PBXBuildFile; fileRef = ED82F1D82468DF64005070E7 /* TextOverlayView.swift */; };
		ED82F2502468DF64005070E7 /* IndeterminateProgressView.swift in Sources */ = {isa = PBXBuildFile; fileRef = ED82F1D92468DF64005070E7 /* IndeterminateProgressView.swift */; };
		ED82F2512468DF64005070E7 /* MusicPlaybackView.swift in Sources */ = {isa = PBXBuildFile; fileRef = ED82F1DA2468DF64005070E7 /* MusicPlaybackView.swift */; };
		ED82F2522468DF64005070E7 /* RecordProgressView.swift in Sources */ = {isa = PBXBuildFile; fileRef = ED82F1DB2468DF64005070E7 /* RecordProgressView.swift */; };
		ED82F2532468DF64005070E7 /* DrawingToolsView.swift in Sources */ = {isa = PBXBuildFile; fileRef = ED82F1DC2468DF64005070E7 /* DrawingToolsView.swift */; };
		ED82F2542468DF64005070E7 /* SearchContactsViewController+UISearchControllerDelegate.swift in Sources */ = {isa = PBXBuildFile; fileRef = ED82F1DE2468DF64005070E7 /* SearchContactsViewController+UISearchControllerDelegate.swift */; };
		ED82F2552468DF64005070E7 /* SearchContactTableViewCell.swift in Sources */ = {isa = PBXBuildFile; fileRef = ED82F1E02468DF64005070E7 /* SearchContactTableViewCell.swift */; };
		ED82F2562468DF64005070E7 /* SearchContactsViewController.swift in Sources */ = {isa = PBXBuildFile; fileRef = ED82F1E12468DF64005070E7 /* SearchContactsViewController.swift */; };
		ED82F2572468DF64005070E7 /* SearchContactsViewController+UISearchBarDelegate.swift in Sources */ = {isa = PBXBuildFile; fileRef = ED82F1E22468DF64005070E7 /* SearchContactsViewController+UISearchBarDelegate.swift */; };
		ED82F2582468DF64005070E7 /* SearchContactsValue.swift in Sources */ = {isa = PBXBuildFile; fileRef = ED82F1E42468DF64005070E7 /* SearchContactsValue.swift */; };
		ED82F2592468DF64005070E7 /* SearchContactsSection.swift in Sources */ = {isa = PBXBuildFile; fileRef = ED82F1E52468DF64005070E7 /* SearchContactsSection.swift */; };
		ED82F25A2468DF64005070E7 /* SearchContactsViewController+UISearchResultsUpdating.swift in Sources */ = {isa = PBXBuildFile; fileRef = ED82F1E62468DF64005070E7 /* SearchContactsViewController+UISearchResultsUpdating.swift */; };
		ED82F25B2468DF64005070E7 /* SearchContactsViewControllerDiffableDataSource.swift in Sources */ = {isa = PBXBuildFile; fileRef = ED82F1E72468DF64005070E7 /* SearchContactsViewControllerDiffableDataSource.swift */; };
		ED82F25C2468DF64005070E7 /* SearchContactsTableView.swift in Sources */ = {isa = PBXBuildFile; fileRef = ED82F1E92468DF64005070E7 /* SearchContactsTableView.swift */; };
		ED82F25D2468DF64005070E7 /* PlaybackViewController+MKMapViewDelegate.swift in Sources */ = {isa = PBXBuildFile; fileRef = ED82F1EB2468DF64005070E7 /* PlaybackViewController+MKMapViewDelegate.swift */; };
		ED82F25E2468DF64005070E7 /* PlaybackViewController.swift in Sources */ = {isa = PBXBuildFile; fileRef = ED82F1EC2468DF64005070E7 /* PlaybackViewController.swift */; };
		ED82F25F2468DF64005070E7 /* PlayerLooper.swift in Sources */ = {isa = PBXBuildFile; fileRef = ED82F1EE2468DF64005070E7 /* PlayerLooper.swift */; };
		ED82F2602468DF64005070E7 /* CurrentSongView.swift in Sources */ = {isa = PBXBuildFile; fileRef = ED82F1EF2468DF64005070E7 /* CurrentSongView.swift */; };
		ED82F2612468DF64005070E7 /* MapViewOverlay.swift in Sources */ = {isa = PBXBuildFile; fileRef = ED82F1F02468DF64005070E7 /* MapViewOverlay.swift */; };
		ED82F2622468DF64005070E7 /* SavedTapsViewController+UISearchResultsUpdating.swift.swift in Sources */ = {isa = PBXBuildFile; fileRef = ED82F1F32468DF64005070E7 /* SavedTapsViewController+UISearchResultsUpdating.swift.swift */; };
		ED82F2632468DF64005070E7 /* SavedTapsViewController+UISearchBarDelegate.swift in Sources */ = {isa = PBXBuildFile; fileRef = ED82F1F42468DF64005070E7 /* SavedTapsViewController+UISearchBarDelegate.swift */; };
		ED82F2642468DF64005070E7 /* SavedTapsViewController.swift in Sources */ = {isa = PBXBuildFile; fileRef = ED82F1F52468DF64005070E7 /* SavedTapsViewController.swift */; };
		ED82F2652468DF64005070E7 /* SavedTapsViewController+UISearchControllerDelegate.swift in Sources */ = {isa = PBXBuildFile; fileRef = ED82F1F62468DF64005070E7 /* SavedTapsViewController+UISearchControllerDelegate.swift */; };
		ED82F2662468DF64005070E7 /* MenuCellTableViewCell.swift in Sources */ = {isa = PBXBuildFile; fileRef = ED82F1F82468DF64005070E7 /* MenuCellTableViewCell.swift */; };
		ED82F2672468DF64005070E7 /* AvatarNameTableViewCell.swift in Sources */ = {isa = PBXBuildFile; fileRef = ED82F1F92468DF64005070E7 /* AvatarNameTableViewCell.swift */; };
		ED82F2682468DF64005070E7 /* ToggleTableViewCell.swift in Sources */ = {isa = PBXBuildFile; fileRef = ED82F1FA2468DF64005070E7 /* ToggleTableViewCell.swift */; };
		ED82F2692468DF64005070E7 /* ResetKeysViewController.swift in Sources */ = {isa = PBXBuildFile; fileRef = ED82F1FC2468DF64005070E7 /* ResetKeysViewController.swift */; };
		ED82F26A2468DF64005070E7 /* MyGroupCollectionViewCell.swift in Sources */ = {isa = PBXBuildFile; fileRef = ED82F1FF2468DF64005070E7 /* MyGroupCollectionViewCell.swift */; };
		ED82F26B2468DF64005070E7 /* MyGroupsViewController+UICollectionViewDelegate.swift in Sources */ = {isa = PBXBuildFile; fileRef = ED82F2002468DF64005070E7 /* MyGroupsViewController+UICollectionViewDelegate.swift */; };
		ED82F26C2468DF64005070E7 /* MyGroupsDiffableDataSource.swift in Sources */ = {isa = PBXBuildFile; fileRef = ED82F2012468DF64005070E7 /* MyGroupsDiffableDataSource.swift */; };
		ED82F26D2468DF64005070E7 /* RenameGroupViewController.swift in Sources */ = {isa = PBXBuildFile; fileRef = ED82F2032468DF64005070E7 /* RenameGroupViewController.swift */; };
		ED82F26E2468DF64005070E7 /* NewGroupViewController.swift in Sources */ = {isa = PBXBuildFile; fileRef = ED82F2042468DF64005070E7 /* NewGroupViewController.swift */; };
		ED82F26F2468DF64005070E7 /* DeleteGroupViewController.swift in Sources */ = {isa = PBXBuildFile; fileRef = ED82F2052468DF64005070E7 /* DeleteGroupViewController.swift */; };
		ED82F2702468DF64005070E7 /* MyGroupsViewController.swift in Sources */ = {isa = PBXBuildFile; fileRef = ED82F2062468DF64005070E7 /* MyGroupsViewController.swift */; };
		ED82F2712468DF64005070E7 /* MyGorupsCollectionView.swift in Sources */ = {isa = PBXBuildFile; fileRef = ED82F2082468DF64005070E7 /* MyGorupsCollectionView.swift */; };
		ED82F2722468DF64005070E7 /* MenuModels.swift in Sources */ = {isa = PBXBuildFile; fileRef = ED82F20A2468DF64005070E7 /* MenuModels.swift */; };
		ED82F2732468DF64005070E7 /* MenuViewController+UITableViewDataSource.swift in Sources */ = {isa = PBXBuildFile; fileRef = ED82F20B2468DF64005070E7 /* MenuViewController+UITableViewDataSource.swift */; };
		ED82F2742468DF64005070E7 /* MenuViewController.swift in Sources */ = {isa = PBXBuildFile; fileRef = ED82F20C2468DF64005070E7 /* MenuViewController.swift */; };
		ED82F2752468DF64005070E7 /* MenuViewController+UITableViewDelegate.swift in Sources */ = {isa = PBXBuildFile; fileRef = ED82F20D2468DF64005070E7 /* MenuViewController+UITableViewDelegate.swift */; };
/* End PBXBuildFile section */

/* Begin PBXFileReference section */
		1C91A7E84958BFD9517292B6 /* Tapsnap.app */ = {isa = PBXFileReference; explicitFileType = wrapper.application; includeInIndex = 0; path = Tapsnap.app; sourceTree = BUILT_PRODUCTS_DIR; };
		1E519411855163D974866C78 /* Base */ = {isa = PBXFileReference; lastKnownFileType = file.storyboard; name = Base; path = Base.lproj/LaunchScreen.storyboard; sourceTree = "<group>"; };
		4D03047C2E3CD982E5D1E38E /* Assets.xcassets */ = {isa = PBXFileReference; lastKnownFileType = folder.assetcatalog; path = Assets.xcassets; sourceTree = "<group>"; };
		880AA06728253910B5D1F81A /* Info.plist */ = {isa = PBXFileReference; lastKnownFileType = text.plist.xml; path = Info.plist; sourceTree = "<group>"; };
		9E7383D01AD2CD3DC33CB3E2 /* Tapsnap.entitlements */ = {isa = PBXFileReference; lastKnownFileType = text.plist.entitlements; path = Tapsnap.entitlements; sourceTree = "<group>"; };
		ED2222D42468D8BC0007D3EE /* Localizable.strings */ = {isa = PBXFileReference; lastKnownFileType = text.plist.strings; name = Localizable.strings; path = Tapsnap/Resources/Localizable.strings; sourceTree = SOURCE_ROOT; };
		ED2222D62468DD6D0007D3EE /* Strings.swift */ = {isa = PBXFileReference; fileEncoding = 4; lastKnownFileType = sourcecode.swift; name = Strings.swift; path = Tapsnap/Generated/Strings.swift; sourceTree = SOURCE_ROOT; };
		ED28B8402420987700B9C7A3 /* CloudKit.framework */ = {isa = PBXFileReference; lastKnownFileType = wrapper.framework; name = CloudKit.framework; path = Platforms/iPhoneOS.platform/Developer/SDKs/iPhoneOS13.2.sdk/System/Library/Frameworks/CloudKit.framework; sourceTree = DEVELOPER_DIR; };
		ED82F1862468DF63005070E7 /* AppDelegate+SKRequestDelegate.swift */ = {isa = PBXFileReference; fileEncoding = 4; lastKnownFileType = sourcecode.swift; path = "AppDelegate+SKRequestDelegate.swift"; sourceTree = "<group>"; };
		ED82F1882468DF63005070E7 /* Constants.swift */ = {isa = PBXFileReference; fileEncoding = 4; lastKnownFileType = sourcecode.swift; path = Constants.swift; sourceTree = "<group>"; };
		ED82F18A2468DF63005070E7 /* KeyStoreError.swift */ = {isa = PBXFileReference; fileEncoding = 4; lastKnownFileType = sourcecode.swift; path = KeyStoreError.swift; sourceTree = "<group>"; };
		ED82F18B2468DF63005070E7 /* PublicKeyCryptography.swift */ = {isa = PBXFileReference; fileEncoding = 4; lastKnownFileType = sourcecode.swift; path = PublicKeyCryptography.swift; sourceTree = "<group>"; };
		ED82F18C2468DF63005070E7 /* GenericPasswordStore.swift */ = {isa = PBXFileReference; fileEncoding = 4; lastKnownFileType = sourcecode.swift; path = GenericPasswordStore.swift; sourceTree = "<group>"; };
		ED82F18D2468DF63005070E7 /* GenericPasswordConvertible.swift */ = {isa = PBXFileReference; fileEncoding = 4; lastKnownFileType = sourcecode.swift; path = GenericPasswordConvertible.swift; sourceTree = "<group>"; };
		ED82F18F2468DF63005070E7 /* SensorVisualizerWindow.swift */ = {isa = PBXFileReference; fileEncoding = 4; lastKnownFileType = sourcecode.swift; path = SensorVisualizerWindow.swift; sourceTree = "<group>"; };
		ED82F1902468DF63005070E7 /* Aliases.swift */ = {isa = PBXFileReference; fileEncoding = 4; lastKnownFileType = sourcecode.swift; path = Aliases.swift; sourceTree = "<group>"; };
		ED82F1922468DF63005070E7 /* CKContainer+User.swift */ = {isa = PBXFileReference; fileEncoding = 4; lastKnownFileType = sourcecode.swift; path = "CKContainer+User.swift"; sourceTree = "<group>"; };
		ED82F1932468DF63005070E7 /* CKContainer+Extensions.swift */ = {isa = PBXFileReference; fileEncoding = 4; lastKnownFileType = sourcecode.swift; path = "CKContainer+Extensions.swift"; sourceTree = "<group>"; };
		ED82F1942468DF63005070E7 /* CKContainer+Groups.swift */ = {isa = PBXFileReference; fileEncoding = 4; lastKnownFileType = sourcecode.swift; path = "CKContainer+Groups.swift"; sourceTree = "<group>"; };
		ED82F1952468DF63005070E7 /* CKContainer+Messages.swift */ = {isa = PBXFileReference; fileEncoding = 4; lastKnownFileType = sourcecode.swift; path = "CKContainer+Messages.swift"; sourceTree = "<group>"; };
		ED82F1962468DF63005070E7 /* CKContainer+PKI.swift */ = {isa = PBXFileReference; fileEncoding = 4; lastKnownFileType = sourcecode.swift; path = "CKContainer+PKI.swift"; sourceTree = "<group>"; };
		ED82F1982468DF63005070E7 /* PlaybackMetadata.swift */ = {isa = PBXFileReference; fileEncoding = 4; lastKnownFileType = sourcecode.swift; path = PlaybackMetadata.swift; sourceTree = "<group>"; };
		ED82F1992468DF63005070E7 /* EXIFProperties.swift */ = {isa = PBXFileReference; fileEncoding = 4; lastKnownFileType = sourcecode.swift; path = EXIFProperties.swift; sourceTree = "<group>"; };
		ED82F19A2468DF63005070E7 /* CloudKitKeys.swift */ = {isa = PBXFileReference; fileEncoding = 4; lastKnownFileType = sourcecode.swift; path = CloudKitKeys.swift; sourceTree = "<group>"; };
		ED82F19C2468DF63005070E7 /* SKPaymentTransactionState+Extensions.swift */ = {isa = PBXFileReference; fileEncoding = 4; lastKnownFileType = sourcecode.swift; path = "SKPaymentTransactionState+Extensions.swift"; sourceTree = "<group>"; };
		ED82F19D2468DF63005070E7 /* CAAnimationGroup+Extensions.swift */ = {isa = PBXFileReference; fileEncoding = 4; lastKnownFileType = sourcecode.swift; path = "CAAnimationGroup+Extensions.swift"; sourceTree = "<group>"; };
		ED82F19E2468DF63005070E7 /* OSLog+Extensions.swift */ = {isa = PBXFileReference; fileEncoding = 4; lastKnownFileType = sourcecode.swift; path = "OSLog+Extensions.swift"; sourceTree = "<group>"; };
		ED82F19F2468DF63005070E7 /* CKRecord+Extensions.swift */ = {isa = PBXFileReference; fileEncoding = 4; lastKnownFileType = sourcecode.swift; path = "CKRecord+Extensions.swift"; sourceTree = "<group>"; };
		ED82F1A02468DF63005070E7 /* UIView+Extensions.swift */ = {isa = PBXFileReference; fileEncoding = 4; lastKnownFileType = sourcecode.swift; path = "UIView+Extensions.swift"; sourceTree = "<group>"; };
		ED82F1A12468DF63005070E7 /* UILabel+Extension.swift */ = {isa = PBXFileReference; fileEncoding = 4; lastKnownFileType = sourcecode.swift; path = "UILabel+Extension.swift"; sourceTree = "<group>"; };
		ED82F1A22468DF63005070E7 /* UIButton+Extension.swift */ = {isa = PBXFileReference; fileEncoding = 4; lastKnownFileType = sourcecode.swift; path = "UIButton+Extension.swift"; sourceTree = "<group>"; };
		ED82F1A32468DF63005070E7 /* MKPinAnnotationView+Extensions.swift */ = {isa = PBXFileReference; fileEncoding = 4; lastKnownFileType = sourcecode.swift; path = "MKPinAnnotationView+Extensions.swift"; sourceTree = "<group>"; };
		ED82F1A42468DF63005070E7 /* UIImage+Extensions.swift */ = {isa = PBXFileReference; fileEncoding = 4; lastKnownFileType = sourcecode.swift; path = "UIImage+Extensions.swift"; sourceTree = "<group>"; };
		ED82F1A52468DF63005070E7 /* AVAssetTrack+Extensions.swift */ = {isa = PBXFileReference; fileEncoding = 4; lastKnownFileType = sourcecode.swift; path = "AVAssetTrack+Extensions.swift"; sourceTree = "<group>"; };
		ED82F1A62468DF63005070E7 /* UINavigationBar+Extensions.swift */ = {isa = PBXFileReference; fileEncoding = 4; lastKnownFileType = sourcecode.swift; path = "UINavigationBar+Extensions.swift"; sourceTree = "<group>"; };
		ED82F1A72468DF63005070E7 /* CLLocationManager+Combine.swift */ = {isa = PBXFileReference; fileEncoding = 4; lastKnownFileType = sourcecode.swift; path = "CLLocationManager+Combine.swift"; sourceTree = "<group>"; };
		ED82F1A82468DF63005070E7 /* UICollectionViewCell+Extensions.swift */ = {isa = PBXFileReference; fileEncoding = 4; lastKnownFileType = sourcecode.swift; path = "UICollectionViewCell+Extensions.swift"; sourceTree = "<group>"; };
		ED82F1A92468DF63005070E7 /* SensorVisualizerWindow+Touch.swift */ = {isa = PBXFileReference; fileEncoding = 4; lastKnownFileType = sourcecode.swift; path = "SensorVisualizerWindow+Touch.swift"; sourceTree = "<group>"; };
		ED82F1AA2468DF63005070E7 /* EXIFData+Extensions.swift */ = {isa = PBXFileReference; fileEncoding = 4; lastKnownFileType = sourcecode.swift; path = "EXIFData+Extensions.swift"; sourceTree = "<group>"; };
		ED82F1AB2468DF63005070E7 /* UITableViewCell+Extensions.swift */ = {isa = PBXFileReference; fileEncoding = 4; lastKnownFileType = sourcecode.swift; path = "UITableViewCell+Extensions.swift"; sourceTree = "<group>"; };
		ED82F1AC2468DF63005070E7 /* URL+Extensions.swift */ = {isa = PBXFileReference; fileEncoding = 4; lastKnownFileType = sourcecode.swift; path = "URL+Extensions.swift"; sourceTree = "<group>"; };
		ED82F1AD2468DF63005070E7 /* UNNotificationRequest+Extensions.swift */ = {isa = PBXFileReference; fileEncoding = 4; lastKnownFileType = sourcecode.swift; path = "UNNotificationRequest+Extensions.swift"; sourceTree = "<group>"; };
		ED82F1AE2468DF63005070E7 /* AVCaptureSession+Extensions.swift */ = {isa = PBXFileReference; fileEncoding = 4; lastKnownFileType = sourcecode.swift; path = "AVCaptureSession+Extensions.swift"; sourceTree = "<group>"; };
		ED82F1AF2468DF63005070E7 /* CKContainer+UICloudSharingControllerDelegate.swift */ = {isa = PBXFileReference; fileEncoding = 4; lastKnownFileType = sourcecode.swift; path = "CKContainer+UICloudSharingControllerDelegate.swift"; sourceTree = "<group>"; };
		ED82F1B02468DF63005070E7 /* EmptyDataView.swift */ = {isa = PBXFileReference; fileEncoding = 4; lastKnownFileType = sourcecode.swift; path = EmptyDataView.swift; sourceTree = "<group>"; };
		ED82F1B22468DF63005070E7 /* Reachability.swift */ = {isa = PBXFileReference; fileEncoding = 4; lastKnownFileType = sourcecode.swift; path = Reachability.swift; sourceTree = "<group>"; };
		ED82F1B32468DF63005070E7 /* Formatter.swift */ = {isa = PBXFileReference; fileEncoding = 4; lastKnownFileType = sourcecode.swift; path = Formatter.swift; sourceTree = "<group>"; };
		ED82F1B42468DF63005070E7 /* World.swift */ = {isa = PBXFileReference; fileEncoding = 4; lastKnownFileType = sourcecode.swift; path = World.swift; sourceTree = "<group>"; };
		ED82F1B62468DF63005070E7 /* ViewBootstrappable.swift */ = {isa = PBXFileReference; fileEncoding = 4; lastKnownFileType = sourcecode.swift; path = ViewBootstrappable.swift; sourceTree = "<group>"; };
		ED82F1B72468DF63005070E7 /* AppDelegate+CLLocationManagerDelegate.swift */ = {isa = PBXFileReference; fileEncoding = 4; lastKnownFileType = sourcecode.swift; path = "AppDelegate+CLLocationManagerDelegate.swift"; sourceTree = "<group>"; };
		ED82F1B82468DF64005070E7 /* AppDelegate+SKPaymentTransactionObserver.swift */ = {isa = PBXFileReference; fileEncoding = 4; lastKnownFileType = sourcecode.swift; path = "AppDelegate+SKPaymentTransactionObserver.swift"; sourceTree = "<group>"; };
		ED82F1B92468DF64005070E7 /* AppDelegate.swift */ = {isa = PBXFileReference; fileEncoding = 4; lastKnownFileType = sourcecode.swift; path = AppDelegate.swift; sourceTree = "<group>"; };
		ED82F1BA2468DF64005070E7 /* AppDelegate+UNUserNotificationCenterDelegate.swift */ = {isa = PBXFileReference; fileEncoding = 4; lastKnownFileType = sourcecode.swift; path = "AppDelegate+UNUserNotificationCenterDelegate.swift"; sourceTree = "<group>"; };
		ED82F1BC2468DF64005070E7 /* RootViewController.swift */ = {isa = PBXFileReference; fileEncoding = 4; lastKnownFileType = sourcecode.swift; path = RootViewController.swift; sourceTree = "<group>"; };
		ED82F1BE2468DF64005070E7 /* LoggedOutViewController.swift */ = {isa = PBXFileReference; fileEncoding = 4; lastKnownFileType = sourcecode.swift; path = LoggedOutViewController.swift; sourceTree = "<group>"; };
		ED82F1BF2468DF64005070E7 /* OnboardingViewController.swift */ = {isa = PBXFileReference; fileEncoding = 4; lastKnownFileType = sourcecode.swift; path = OnboardingViewController.swift; sourceTree = "<group>"; };
		ED82F1C12468DF64005070E7 /* LoggedInViewController.swift */ = {isa = PBXFileReference; fileEncoding = 4; lastKnownFileType = sourcecode.swift; path = LoggedInViewController.swift; sourceTree = "<group>"; };
		ED82F1C32468DF64005070E7 /* SubscriptionValueViewController.swift */ = {isa = PBXFileReference; fileEncoding = 4; lastKnownFileType = sourcecode.swift; path = SubscriptionValueViewController.swift; sourceTree = "<group>"; };
		ED82F1C42468DF64005070E7 /* SubscriptionViewController.swift */ = {isa = PBXFileReference; fileEncoding = 4; lastKnownFileType = sourcecode.swift; path = SubscriptionViewController.swift; sourceTree = "<group>"; };
		ED82F1C72468DF64005070E7 /* CameraGroupsDiffableDataSource.swift */ = {isa = PBXFileReference; fileEncoding = 4; lastKnownFileType = sourcecode.swift; path = CameraGroupsDiffableDataSource.swift; sourceTree = "<group>"; };
		ED82F1C82468DF64005070E7 /* CameraViewController+UICollectionViewDelegate.swift */ = {isa = PBXFileReference; fileEncoding = 4; lastKnownFileType = sourcecode.swift; path = "CameraViewController+UICollectionViewDelegate.swift"; sourceTree = "<group>"; };
		ED82F1CA2468DF64005070E7 /* NowPlayingPreviewTableViewCell.swift */ = {isa = PBXFileReference; fileEncoding = 4; lastKnownFileType = sourcecode.swift; path = NowPlayingPreviewTableViewCell.swift; sourceTree = "<group>"; };
		ED82F1CB2468DF64005070E7 /* ContactCollectionViewCell.swift */ = {isa = PBXFileReference; fileEncoding = 4; lastKnownFileType = sourcecode.swift; path = ContactCollectionViewCell.swift; sourceTree = "<group>"; };
		ED82F1CC2468DF64005070E7 /* SyncTableViewCell.swift */ = {isa = PBXFileReference; fileEncoding = 4; lastKnownFileType = sourcecode.swift; path = SyncTableViewCell.swift; sourceTree = "<group>"; };
		ED82F1CD2468DF64005070E7 /* CameraViewController+AVCaptureFileOutputRecordingDelegate.swift */ = {isa = PBXFileReference; fileEncoding = 4; lastKnownFileType = sourcecode.swift; path = "CameraViewController+AVCaptureFileOutputRecordingDelegate.swift"; sourceTree = "<group>"; };
		ED82F1CF2468DF64005070E7 /* GroupSection.swift */ = {isa = PBXFileReference; fileEncoding = 4; lastKnownFileType = sourcecode.swift; path = GroupSection.swift; sourceTree = "<group>"; };
		ED82F1D02468DF64005070E7 /* GroupValue.swift */ = {isa = PBXFileReference; fileEncoding = 4; lastKnownFileType = sourcecode.swift; path = GroupValue.swift; sourceTree = "<group>"; };
		ED82F1D12468DF64005070E7 /* CameraViewController.swift */ = {isa = PBXFileReference; fileEncoding = 4; lastKnownFileType = sourcecode.swift; path = CameraViewController.swift; sourceTree = "<group>"; };
		ED82F1D22468DF64005070E7 /* CameraViewController+AVCapturePhotoCaptureDelegate.swift */ = {isa = PBXFileReference; fileEncoding = 4; lastKnownFileType = sourcecode.swift; path = "CameraViewController+AVCapturePhotoCaptureDelegate.swift"; sourceTree = "<group>"; };
		ED82F1D42468DF64005070E7 /* CameraOverlayView.swift */ = {isa = PBXFileReference; fileEncoding = 4; lastKnownFileType = sourcecode.swift; path = CameraOverlayView.swift; sourceTree = "<group>"; };
		ED82F1D52468DF64005070E7 /* KeyboardAccessoryView.swift */ = {isa = PBXFileReference; fileEncoding = 4; lastKnownFileType = sourcecode.swift; path = KeyboardAccessoryView.swift; sourceTree = "<group>"; };
		ED82F1D62468DF64005070E7 /* CameraPreviewView.swift */ = {isa = PBXFileReference; fileEncoding = 4; lastKnownFileType = sourcecode.swift; path = CameraPreviewView.swift; sourceTree = "<group>"; };
		ED82F1D72468DF64005070E7 /* ContactsCollectionView.swift */ = {isa = PBXFileReference; fileEncoding = 4; lastKnownFileType = sourcecode.swift; path = ContactsCollectionView.swift; sourceTree = "<group>"; };
		ED82F1D82468DF64005070E7 /* TextOverlayView.swift */ = {isa = PBXFileReference; fileEncoding = 4; lastKnownFileType = sourcecode.swift; path = TextOverlayView.swift; sourceTree = "<group>"; };
		ED82F1D92468DF64005070E7 /* IndeterminateProgressView.swift */ = {isa = PBXFileReference; fileEncoding = 4; lastKnownFileType = sourcecode.swift; path = IndeterminateProgressView.swift; sourceTree = "<group>"; };
		ED82F1DA2468DF64005070E7 /* MusicPlaybackView.swift */ = {isa = PBXFileReference; fileEncoding = 4; lastKnownFileType = sourcecode.swift; path = MusicPlaybackView.swift; sourceTree = "<group>"; };
		ED82F1DB2468DF64005070E7 /* RecordProgressView.swift */ = {isa = PBXFileReference; fileEncoding = 4; lastKnownFileType = sourcecode.swift; path = RecordProgressView.swift; sourceTree = "<group>"; };
		ED82F1DC2468DF64005070E7 /* DrawingToolsView.swift */ = {isa = PBXFileReference; fileEncoding = 4; lastKnownFileType = sourcecode.swift; path = DrawingToolsView.swift; sourceTree = "<group>"; };
		ED82F1DE2468DF64005070E7 /* SearchContactsViewController+UISearchControllerDelegate.swift */ = {isa = PBXFileReference; fileEncoding = 4; lastKnownFileType = sourcecode.swift; path = "SearchContactsViewController+UISearchControllerDelegate.swift"; sourceTree = "<group>"; };
		ED82F1E02468DF64005070E7 /* SearchContactTableViewCell.swift */ = {isa = PBXFileReference; fileEncoding = 4; lastKnownFileType = sourcecode.swift; path = SearchContactTableViewCell.swift; sourceTree = "<group>"; };
		ED82F1E12468DF64005070E7 /* SearchContactsViewController.swift */ = {isa = PBXFileReference; fileEncoding = 4; lastKnownFileType = sourcecode.swift; path = SearchContactsViewController.swift; sourceTree = "<group>"; };
		ED82F1E22468DF64005070E7 /* SearchContactsViewController+UISearchBarDelegate.swift */ = {isa = PBXFileReference; fileEncoding = 4; lastKnownFileType = sourcecode.swift; path = "SearchContactsViewController+UISearchBarDelegate.swift"; sourceTree = "<group>"; };
		ED82F1E42468DF64005070E7 /* SearchContactsValue.swift */ = {isa = PBXFileReference; fileEncoding = 4; lastKnownFileType = sourcecode.swift; path = SearchContactsValue.swift; sourceTree = "<group>"; };
		ED82F1E52468DF64005070E7 /* SearchContactsSection.swift */ = {isa = PBXFileReference; fileEncoding = 4; lastKnownFileType = sourcecode.swift; path = SearchContactsSection.swift; sourceTree = "<group>"; };
		ED82F1E62468DF64005070E7 /* SearchContactsViewController+UISearchResultsUpdating.swift */ = {isa = PBXFileReference; fileEncoding = 4; lastKnownFileType = sourcecode.swift; path = "SearchContactsViewController+UISearchResultsUpdating.swift"; sourceTree = "<group>"; };
		ED82F1E72468DF64005070E7 /* SearchContactsViewControllerDiffableDataSource.swift */ = {isa = PBXFileReference; fileEncoding = 4; lastKnownFileType = sourcecode.swift; path = SearchContactsViewControllerDiffableDataSource.swift; sourceTree = "<group>"; };
		ED82F1E92468DF64005070E7 /* SearchContactsTableView.swift */ = {isa = PBXFileReference; fileEncoding = 4; lastKnownFileType = sourcecode.swift; path = SearchContactsTableView.swift; sourceTree = "<group>"; };
		ED82F1EB2468DF64005070E7 /* PlaybackViewController+MKMapViewDelegate.swift */ = {isa = PBXFileReference; fileEncoding = 4; lastKnownFileType = sourcecode.swift; path = "PlaybackViewController+MKMapViewDelegate.swift"; sourceTree = "<group>"; };
		ED82F1EC2468DF64005070E7 /* PlaybackViewController.swift */ = {isa = PBXFileReference; fileEncoding = 4; lastKnownFileType = sourcecode.swift; path = PlaybackViewController.swift; sourceTree = "<group>"; };
		ED82F1EE2468DF64005070E7 /* PlayerLooper.swift */ = {isa = PBXFileReference; fileEncoding = 4; lastKnownFileType = sourcecode.swift; path = PlayerLooper.swift; sourceTree = "<group>"; };
		ED82F1EF2468DF64005070E7 /* CurrentSongView.swift */ = {isa = PBXFileReference; fileEncoding = 4; lastKnownFileType = sourcecode.swift; path = CurrentSongView.swift; sourceTree = "<group>"; };
		ED82F1F02468DF64005070E7 /* MapViewOverlay.swift */ = {isa = PBXFileReference; fileEncoding = 4; lastKnownFileType = sourcecode.swift; path = MapViewOverlay.swift; sourceTree = "<group>"; };
		ED82F1F32468DF64005070E7 /* SavedTapsViewController+UISearchResultsUpdating.swift.swift */ = {isa = PBXFileReference; fileEncoding = 4; lastKnownFileType = sourcecode.swift; path = "SavedTapsViewController+UISearchResultsUpdating.swift.swift"; sourceTree = "<group>"; };
		ED82F1F42468DF64005070E7 /* SavedTapsViewController+UISearchBarDelegate.swift */ = {isa = PBXFileReference; fileEncoding = 4; lastKnownFileType = sourcecode.swift; path = "SavedTapsViewController+UISearchBarDelegate.swift"; sourceTree = "<group>"; };
		ED82F1F52468DF64005070E7 /* SavedTapsViewController.swift */ = {isa = PBXFileReference; fileEncoding = 4; lastKnownFileType = sourcecode.swift; path = SavedTapsViewController.swift; sourceTree = "<group>"; };
		ED82F1F62468DF64005070E7 /* SavedTapsViewController+UISearchControllerDelegate.swift */ = {isa = PBXFileReference; fileEncoding = 4; lastKnownFileType = sourcecode.swift; path = "SavedTapsViewController+UISearchControllerDelegate.swift"; sourceTree = "<group>"; };
		ED82F1F82468DF64005070E7 /* MenuCellTableViewCell.swift */ = {isa = PBXFileReference; fileEncoding = 4; lastKnownFileType = sourcecode.swift; path = MenuCellTableViewCell.swift; sourceTree = "<group>"; };
		ED82F1F92468DF64005070E7 /* AvatarNameTableViewCell.swift */ = {isa = PBXFileReference; fileEncoding = 4; lastKnownFileType = sourcecode.swift; path = AvatarNameTableViewCell.swift; sourceTree = "<group>"; };
		ED82F1FA2468DF64005070E7 /* ToggleTableViewCell.swift */ = {isa = PBXFileReference; fileEncoding = 4; lastKnownFileType = sourcecode.swift; path = ToggleTableViewCell.swift; sourceTree = "<group>"; };
		ED82F1FC2468DF64005070E7 /* ResetKeysViewController.swift */ = {isa = PBXFileReference; fileEncoding = 4; lastKnownFileType = sourcecode.swift; path = ResetKeysViewController.swift; sourceTree = "<group>"; };
		ED82F1FF2468DF64005070E7 /* MyGroupCollectionViewCell.swift */ = {isa = PBXFileReference; fileEncoding = 4; lastKnownFileType = sourcecode.swift; path = MyGroupCollectionViewCell.swift; sourceTree = "<group>"; };
		ED82F2002468DF64005070E7 /* MyGroupsViewController+UICollectionViewDelegate.swift */ = {isa = PBXFileReference; fileEncoding = 4; lastKnownFileType = sourcecode.swift; path = "MyGroupsViewController+UICollectionViewDelegate.swift"; sourceTree = "<group>"; };
		ED82F2012468DF64005070E7 /* MyGroupsDiffableDataSource.swift */ = {isa = PBXFileReference; fileEncoding = 4; lastKnownFileType = sourcecode.swift; path = MyGroupsDiffableDataSource.swift; sourceTree = "<group>"; };
		ED82F2032468DF64005070E7 /* RenameGroupViewController.swift */ = {isa = PBXFileReference; fileEncoding = 4; lastKnownFileType = sourcecode.swift; path = RenameGroupViewController.swift; sourceTree = "<group>"; };
		ED82F2042468DF64005070E7 /* NewGroupViewController.swift */ = {isa = PBXFileReference; fileEncoding = 4; lastKnownFileType = sourcecode.swift; path = NewGroupViewController.swift; sourceTree = "<group>"; };
		ED82F2052468DF64005070E7 /* DeleteGroupViewController.swift */ = {isa = PBXFileReference; fileEncoding = 4; lastKnownFileType = sourcecode.swift; path = DeleteGroupViewController.swift; sourceTree = "<group>"; };
		ED82F2062468DF64005070E7 /* MyGroupsViewController.swift */ = {isa = PBXFileReference; fileEncoding = 4; lastKnownFileType = sourcecode.swift; path = MyGroupsViewController.swift; sourceTree = "<group>"; };
		ED82F2082468DF64005070E7 /* MyGorupsCollectionView.swift */ = {isa = PBXFileReference; fileEncoding = 4; lastKnownFileType = sourcecode.swift; path = MyGorupsCollectionView.swift; sourceTree = "<group>"; };
		ED82F20A2468DF64005070E7 /* MenuModels.swift */ = {isa = PBXFileReference; fileEncoding = 4; lastKnownFileType = sourcecode.swift; path = MenuModels.swift; sourceTree = "<group>"; };
		ED82F20B2468DF64005070E7 /* MenuViewController+UITableViewDataSource.swift */ = {isa = PBXFileReference; fileEncoding = 4; lastKnownFileType = sourcecode.swift; path = "MenuViewController+UITableViewDataSource.swift"; sourceTree = "<group>"; };
		ED82F20C2468DF64005070E7 /* MenuViewController.swift */ = {isa = PBXFileReference; fileEncoding = 4; lastKnownFileType = sourcecode.swift; path = MenuViewController.swift; sourceTree = "<group>"; };
		ED82F20D2468DF64005070E7 /* MenuViewController+UITableViewDelegate.swift */ = {isa = PBXFileReference; fileEncoding = 4; lastKnownFileType = sourcecode.swift; path = "MenuViewController+UITableViewDelegate.swift"; sourceTree = "<group>"; };
/* End PBXFileReference section */

/* Begin PBXFrameworksBuildPhase section */
		377681444FB8F6BB979A5A14 /* Frameworks */ = {
			isa = PBXFrameworksBuildPhase;
			buildActionMask = 2147483647;
			files = (
				ED28B8412420987700B9C7A3 /* CloudKit.framework in Frameworks */,
			);
			runOnlyForDeploymentPostprocessing = 0;
		};
/* End PBXFrameworksBuildPhase section */

/* Begin PBXGroup section */
		5A6F49659D49014364C59390 /* Tapsnap */ = {
			isa = PBXGroup;
			children = (
				ED2222D32468D8520007D3EE /* Resources */,
				ED2222D22468D8450007D3EE /* SupportingFiles */,
				ED2222D12468D8420007D3EE /* Types */,
				ED2222D02468D7FA0007D3EE /* Generated */,
			);
			path = Tapsnap;
			sourceTree = "<group>";
		};
		6803BFD8A97340E540815774 = {
			isa = PBXGroup;
			children = (
				5A6F49659D49014364C59390 /* Tapsnap */,
				832B0EE083BC0F4BCBBF460A /* Products */,
				ED28B83F2420987700B9C7A3 /* Frameworks */,
			);
			sourceTree = "<group>";
		};
		832B0EE083BC0F4BCBBF460A /* Products */ = {
			isa = PBXGroup;
			children = (
				1C91A7E84958BFD9517292B6 /* Tapsnap.app */,
			);
			name = Products;
			sourceTree = "<group>";
		};
		ED2222D02468D7FA0007D3EE /* Generated */ = {
			isa = PBXGroup;
			children = (
				ED2222D62468DD6D0007D3EE /* Strings.swift */,
			);
			path = Generated;
			sourceTree = "<group>";
		};
		ED2222D12468D8420007D3EE /* Types */ = {
			isa = PBXGroup;
			children = (
				ED82F1B92468DF64005070E7 /* AppDelegate.swift */,
				ED82F1B72468DF63005070E7 /* AppDelegate+CLLocationManagerDelegate.swift */,
				ED82F1B82468DF64005070E7 /* AppDelegate+SKPaymentTransactionObserver.swift */,
				ED82F1862468DF63005070E7 /* AppDelegate+SKRequestDelegate.swift */,
				ED82F1BA2468DF64005070E7 /* AppDelegate+UNUserNotificationCenterDelegate.swift */,
				ED82F1BB2468DF64005070E7 /* Root */,
				ED82F1872468DF63005070E7 /* World */,
			);
			path = Types;
			sourceTree = "<group>";
		};
		ED2222D22468D8450007D3EE /* SupportingFiles */ = {
			isa = PBXGroup;
			children = (
				880AA06728253910B5D1F81A /* Info.plist */,
				9E7383D01AD2CD3DC33CB3E2 /* Tapsnap.entitlements */,
			);
			path = SupportingFiles;
			sourceTree = "<group>";
		};
		ED2222D32468D8520007D3EE /* Resources */ = {
			isa = PBXGroup;
			children = (
				4D03047C2E3CD982E5D1E38E /* Assets.xcassets */,
				CBB92E046CD027936FF1AB84 /* LaunchScreen.storyboard */,
				ED2222D42468D8BC0007D3EE /* Localizable.strings */,
			);
			path = Resources;
			sourceTree = "<group>";
		};
		ED28B83F2420987700B9C7A3 /* Frameworks */ = {
			isa = PBXGroup;
			children = (
				ED28B8402420987700B9C7A3 /* CloudKit.framework */,
			);
			name = Frameworks;
			sourceTree = "<group>";
		};
		ED82F1872468DF63005070E7 /* World */ = {
			isa = PBXGroup;
			children = (
				ED82F1882468DF63005070E7 /* Constants.swift */,
				ED82F1892468DF63005070E7 /* Crypto */,
				ED82F18E2468DF63005070E7 /* SensorVisuzlier */,
				ED82F1912468DF63005070E7 /* CloudKit */,
				ED82F1972468DF63005070E7 /* Models */,
				ED82F19B2468DF63005070E7 /* Extensions */,
				ED82F1B02468DF63005070E7 /* EmptyDataView.swift */,
				ED82F1B12468DF63005070E7 /* Reachability */,
				ED82F1B32468DF63005070E7 /* Formatter.swift */,
				ED82F1B42468DF63005070E7 /* World.swift */,
				ED82F1B52468DF63005070E7 /* Protocols */,
			);
			path = World;
			sourceTree = "<group>";
		};
		ED82F1892468DF63005070E7 /* Crypto */ = {
			isa = PBXGroup;
			children = (
				ED82F1902468DF63005070E7 /* Aliases.swift */,
				ED82F18A2468DF63005070E7 /* KeyStoreError.swift */,
				ED82F18B2468DF63005070E7 /* PublicKeyCryptography.swift */,
				ED82F18C2468DF63005070E7 /* GenericPasswordStore.swift */,
				ED82F18D2468DF63005070E7 /* GenericPasswordConvertible.swift */,
			);
			path = Crypto;
			sourceTree = "<group>";
		};
		ED82F18E2468DF63005070E7 /* SensorVisuzlier */ = {
			isa = PBXGroup;
			children = (
				ED82F18F2468DF63005070E7 /* SensorVisualizerWindow.swift */,
			);
			path = SensorVisuzlier;
			sourceTree = "<group>";
		};
		ED82F1912468DF63005070E7 /* CloudKit */ = {
			isa = PBXGroup;
			children = (
				ED82F1922468DF63005070E7 /* CKContainer+User.swift */,
				ED82F1932468DF63005070E7 /* CKContainer+Extensions.swift */,
				ED82F1942468DF63005070E7 /* CKContainer+Groups.swift */,
				ED82F1952468DF63005070E7 /* CKContainer+Messages.swift */,
				ED82F1962468DF63005070E7 /* CKContainer+PKI.swift */,
			);
			path = CloudKit;
			sourceTree = "<group>";
		};
		ED82F1972468DF63005070E7 /* Models */ = {
			isa = PBXGroup;
			children = (
				ED82F1982468DF63005070E7 /* PlaybackMetadata.swift */,
				ED82F1992468DF63005070E7 /* EXIFProperties.swift */,
				ED82F19A2468DF63005070E7 /* CloudKitKeys.swift */,
			);
			path = Models;
			sourceTree = "<group>";
		};
		ED82F19B2468DF63005070E7 /* Extensions */ = {
			isa = PBXGroup;
			children = (
				ED82F19C2468DF63005070E7 /* SKPaymentTransactionState+Extensions.swift */,
				ED82F19D2468DF63005070E7 /* CAAnimationGroup+Extensions.swift */,
				ED82F19E2468DF63005070E7 /* OSLog+Extensions.swift */,
				ED82F19F2468DF63005070E7 /* CKRecord+Extensions.swift */,
				ED82F1A02468DF63005070E7 /* UIView+Extensions.swift */,
				ED82F1A12468DF63005070E7 /* UILabel+Extension.swift */,
				ED82F1A22468DF63005070E7 /* UIButton+Extension.swift */,
				ED82F1A32468DF63005070E7 /* MKPinAnnotationView+Extensions.swift */,
				ED82F1A42468DF63005070E7 /* UIImage+Extensions.swift */,
				ED82F1A52468DF63005070E7 /* AVAssetTrack+Extensions.swift */,
				ED82F1A62468DF63005070E7 /* UINavigationBar+Extensions.swift */,
				ED82F1A72468DF63005070E7 /* CLLocationManager+Combine.swift */,
				ED82F1A82468DF63005070E7 /* UICollectionViewCell+Extensions.swift */,
				ED82F1A92468DF63005070E7 /* SensorVisualizerWindow+Touch.swift */,
				ED82F1AA2468DF63005070E7 /* EXIFData+Extensions.swift */,
				ED82F1AB2468DF63005070E7 /* UITableViewCell+Extensions.swift */,
				ED82F1AC2468DF63005070E7 /* URL+Extensions.swift */,
				ED82F1AD2468DF63005070E7 /* UNNotificationRequest+Extensions.swift */,
				ED82F1AE2468DF63005070E7 /* AVCaptureSession+Extensions.swift */,
				ED82F1AF2468DF63005070E7 /* CKContainer+UICloudSharingControllerDelegate.swift */,
			);
			path = Extensions;
			sourceTree = "<group>";
		};
		ED82F1B12468DF63005070E7 /* Reachability */ = {
			isa = PBXGroup;
			children = (
				ED82F1B22468DF63005070E7 /* Reachability.swift */,
			);
			path = Reachability;
			sourceTree = "<group>";
		};
		ED82F1B52468DF63005070E7 /* Protocols */ = {
			isa = PBXGroup;
			children = (
				ED82F1B62468DF63005070E7 /* ViewBootstrappable.swift */,
			);
			path = Protocols;
			sourceTree = "<group>";
		};
		ED82F1BB2468DF64005070E7 /* Root */ = {
			isa = PBXGroup;
			children = (
				ED82F1BC2468DF64005070E7 /* RootViewController.swift */,
				ED82F1BD2468DF64005070E7 /* LoggedOut */,
				ED82F1BF2468DF64005070E7 /* OnboardingViewController.swift */,
				ED82F1C02468DF64005070E7 /* LoggedIn */,
			);
			path = Root;
			sourceTree = "<group>";
		};
		ED82F1BD2468DF64005070E7 /* LoggedOut */ = {
			isa = PBXGroup;
			children = (
				ED82F1BE2468DF64005070E7 /* LoggedOutViewController.swift */,
			);
			path = LoggedOut;
			sourceTree = "<group>";
		};
		ED82F1C02468DF64005070E7 /* LoggedIn */ = {
			isa = PBXGroup;
			children = (
				ED82F1C12468DF64005070E7 /* LoggedInViewController.swift */,
				ED82F1C22468DF64005070E7 /* Unsubscribed */,
				ED82F1C52468DF64005070E7 /* Subscribed */,
			);
			path = LoggedIn;
			sourceTree = "<group>";
		};
		ED82F1C22468DF64005070E7 /* Unsubscribed */ = {
			isa = PBXGroup;
			children = (
				ED82F1C32468DF64005070E7 /* SubscriptionValueViewController.swift */,
				ED82F1C42468DF64005070E7 /* SubscriptionViewController.swift */,
			);
			path = Unsubscribed;
			sourceTree = "<group>";
		};
		ED82F1C52468DF64005070E7 /* Subscribed */ = {
			isa = PBXGroup;
			children = (
				ED82F1C62468DF64005070E7 /* Camera */,
				ED82F1DD2468DF64005070E7 /* SearchContacts */,
				ED82F1EA2468DF64005070E7 /* Playback */,
				ED82F1F12468DF64005070E7 /* Menu */,
			);
			path = Subscribed;
			sourceTree = "<group>";
		};
		ED82F1C62468DF64005070E7 /* Camera */ = {
			isa = PBXGroup;
			children = (
				ED82F1C72468DF64005070E7 /* CameraGroupsDiffableDataSource.swift */,
				ED82F1C82468DF64005070E7 /* CameraViewController+UICollectionViewDelegate.swift */,
				ED82F1C92468DF64005070E7 /* Cells */,
				ED82F1CD2468DF64005070E7 /* CameraViewController+AVCaptureFileOutputRecordingDelegate.swift */,
				ED82F1CE2468DF64005070E7 /* Models */,
				ED82F1D12468DF64005070E7 /* CameraViewController.swift */,
				ED82F1D22468DF64005070E7 /* CameraViewController+AVCapturePhotoCaptureDelegate.swift */,
				ED82F1D32468DF64005070E7 /* Views */,
			);
			path = Camera;
			sourceTree = "<group>";
		};
		ED82F1C92468DF64005070E7 /* Cells */ = {
			isa = PBXGroup;
			children = (
				ED82F1CA2468DF64005070E7 /* NowPlayingPreviewTableViewCell.swift */,
				ED82F1CB2468DF64005070E7 /* ContactCollectionViewCell.swift */,
				ED82F1CC2468DF64005070E7 /* SyncTableViewCell.swift */,
			);
			path = Cells;
			sourceTree = "<group>";
		};
		ED82F1CE2468DF64005070E7 /* Models */ = {
			isa = PBXGroup;
			children = (
				ED82F1CF2468DF64005070E7 /* GroupSection.swift */,
				ED82F1D02468DF64005070E7 /* GroupValue.swift */,
			);
			path = Models;
			sourceTree = "<group>";
		};
		ED82F1D32468DF64005070E7 /* Views */ = {
			isa = PBXGroup;
			children = (
				ED82F1D42468DF64005070E7 /* CameraOverlayView.swift */,
				ED82F1D52468DF64005070E7 /* KeyboardAccessoryView.swift */,
				ED82F1D62468DF64005070E7 /* CameraPreviewView.swift */,
				ED82F1D72468DF64005070E7 /* ContactsCollectionView.swift */,
				ED82F1D82468DF64005070E7 /* TextOverlayView.swift */,
				ED82F1D92468DF64005070E7 /* IndeterminateProgressView.swift */,
				ED82F1DA2468DF64005070E7 /* MusicPlaybackView.swift */,
				ED82F1DB2468DF64005070E7 /* RecordProgressView.swift */,
				ED82F1DC2468DF64005070E7 /* DrawingToolsView.swift */,
			);
			path = Views;
			sourceTree = "<group>";
		};
		ED82F1DD2468DF64005070E7 /* SearchContacts */ = {
			isa = PBXGroup;
			children = (
				ED82F1DE2468DF64005070E7 /* SearchContactsViewController+UISearchControllerDelegate.swift */,
				ED82F1DF2468DF64005070E7 /* Cells */,
				ED82F1E12468DF64005070E7 /* SearchContactsViewController.swift */,
				ED82F1E22468DF64005070E7 /* SearchContactsViewController+UISearchBarDelegate.swift */,
				ED82F1E32468DF64005070E7 /* Models */,
				ED82F1E62468DF64005070E7 /* SearchContactsViewController+UISearchResultsUpdating.swift */,
				ED82F1E72468DF64005070E7 /* SearchContactsViewControllerDiffableDataSource.swift */,
				ED82F1E82468DF64005070E7 /* Views */,
			);
			path = SearchContacts;
			sourceTree = "<group>";
		};
		ED82F1DF2468DF64005070E7 /* Cells */ = {
			isa = PBXGroup;
			children = (
				ED82F1E02468DF64005070E7 /* SearchContactTableViewCell.swift */,
			);
			path = Cells;
			sourceTree = "<group>";
		};
		ED82F1E32468DF64005070E7 /* Models */ = {
			isa = PBXGroup;
			children = (
				ED82F1E42468DF64005070E7 /* SearchContactsValue.swift */,
				ED82F1E52468DF64005070E7 /* SearchContactsSection.swift */,
			);
			path = Models;
			sourceTree = "<group>";
		};
		ED82F1E82468DF64005070E7 /* Views */ = {
			isa = PBXGroup;
			children = (
				ED82F1E92468DF64005070E7 /* SearchContactsTableView.swift */,
			);
			path = Views;
			sourceTree = "<group>";
		};
		ED82F1EA2468DF64005070E7 /* Playback */ = {
			isa = PBXGroup;
			children = (
				EDB3CF8B246A1E7200BFA6ED /* Manager */,
				ED82F1EB2468DF64005070E7 /* PlaybackViewController+MKMapViewDelegate.swift */,
				ED82F1EC2468DF64005070E7 /* PlaybackViewController.swift */,
				ED82F1ED2468DF64005070E7 /* Views */,
			);
			path = Playback;
			sourceTree = "<group>";
		};
		ED82F1ED2468DF64005070E7 /* Views */ = {
			isa = PBXGroup;
			children = (
				ED82F1EE2468DF64005070E7 /* PlayerLooper.swift */,
				ED82F1EF2468DF64005070E7 /* CurrentSongView.swift */,
				ED82F1F02468DF64005070E7 /* MapViewOverlay.swift */,
			);
			path = Views;
			sourceTree = "<group>";
		};
		ED82F1F12468DF64005070E7 /* Menu */ = {
			isa = PBXGroup;
			children = (
				ED82F1F22468DF64005070E7 /* Saved */,
				ED82F1F72468DF64005070E7 /* Cells */,
				ED82F1FB2468DF64005070E7 /* Security */,
				ED82F1FD2468DF64005070E7 /* Groups */,
				ED82F2092468DF64005070E7 /* Models */,
				ED82F20B2468DF64005070E7 /* MenuViewController+UITableViewDataSource.swift */,
				ED82F20C2468DF64005070E7 /* MenuViewController.swift */,
				ED82F20D2468DF64005070E7 /* MenuViewController+UITableViewDelegate.swift */,
			);
			path = Menu;
			sourceTree = "<group>";
		};
		ED82F1F22468DF64005070E7 /* Saved */ = {
			isa = PBXGroup;
			children = (
				ED82F1F32468DF64005070E7 /* SavedTapsViewController+UISearchResultsUpdating.swift.swift */,
				ED82F1F42468DF64005070E7 /* SavedTapsViewController+UISearchBarDelegate.swift */,
				ED82F1F52468DF64005070E7 /* SavedTapsViewController.swift */,
				ED82F1F62468DF64005070E7 /* SavedTapsViewController+UISearchControllerDelegate.swift */,
			);
			path = Saved;
			sourceTree = "<group>";
		};
		ED82F1F72468DF64005070E7 /* Cells */ = {
			isa = PBXGroup;
			children = (
				ED82F1F82468DF64005070E7 /* MenuCellTableViewCell.swift */,
				ED82F1F92468DF64005070E7 /* AvatarNameTableViewCell.swift */,
				ED82F1FA2468DF64005070E7 /* ToggleTableViewCell.swift */,
			);
			path = Cells;
			sourceTree = "<group>";
		};
		ED82F1FB2468DF64005070E7 /* Security */ = {
			isa = PBXGroup;
			children = (
				ED82F1FC2468DF64005070E7 /* ResetKeysViewController.swift */,
			);
			path = Security;
			sourceTree = "<group>";
		};
		ED82F1FD2468DF64005070E7 /* Groups */ = {
			isa = PBXGroup;
			children = (
				ED82F1FE2468DF64005070E7 /* Cells */,
				ED82F2002468DF64005070E7 /* MyGroupsViewController+UICollectionViewDelegate.swift */,
				ED82F2012468DF64005070E7 /* MyGroupsDiffableDataSource.swift */,
				ED82F2022468DF64005070E7 /* Controller */,
				ED82F2062468DF64005070E7 /* MyGroupsViewController.swift */,
				ED82F2072468DF64005070E7 /* Views */,
			);
			path = Groups;
			sourceTree = "<group>";
		};
		ED82F1FE2468DF64005070E7 /* Cells */ = {
			isa = PBXGroup;
			children = (
				ED82F1FF2468DF64005070E7 /* MyGroupCollectionViewCell.swift */,
			);
			path = Cells;
			sourceTree = "<group>";
		};
		ED82F2022468DF64005070E7 /* Controller */ = {
			isa = PBXGroup;
			children = (
				ED82F2032468DF64005070E7 /* RenameGroupViewController.swift */,
				ED82F2042468DF64005070E7 /* NewGroupViewController.swift */,
				ED82F2052468DF64005070E7 /* DeleteGroupViewController.swift */,
			);
			path = Controller;
			sourceTree = "<group>";
		};
		ED82F2072468DF64005070E7 /* Views */ = {
			isa = PBXGroup;
			children = (
				ED82F2082468DF64005070E7 /* MyGorupsCollectionView.swift */,
			);
			path = Views;
			sourceTree = "<group>";
		};
		ED82F2092468DF64005070E7 /* Models */ = {
			isa = PBXGroup;
			children = (
				ED82F20A2468DF64005070E7 /* MenuModels.swift */,
			);
			path = Models;
			sourceTree = "<group>";
		};
		EDB3CF8B246A1E7200BFA6ED /* Manager */ = {
			isa = PBXGroup;
			children = (
			);
			path = Manager;
			sourceTree = "<group>";
		};
/* End PBXGroup section */

/* Begin PBXNativeTarget section */
		9495FDBD704DC879B6B218A9 /* Tapsnap */ = {
			isa = PBXNativeTarget;
			buildConfigurationList = D6DC16EE5754885C8E9AA0BA /* Build configuration list for PBXNativeTarget "Tapsnap" */;
			buildPhases = (
				01C64B6AF7E97FFB35F3331D /* Sources */,
				DF85E74D7F913E1F547B770E /* Resources */,
				377681444FB8F6BB979A5A14 /* Frameworks */,
			);
			buildRules = (
			);
			dependencies = (
			);
			name = Tapsnap;
			packageProductDependencies = (
			);
			productName = Tapsnap;
			productReference = 1C91A7E84958BFD9517292B6 /* Tapsnap.app */;
			productType = "com.apple.product-type.application";
		};
/* End PBXNativeTarget section */

/* Begin PBXProject section */
		D0BD78D46161BCEF6F917A8C /* Project object */ = {
			isa = PBXProject;
			attributes = {
				LastUpgradeCheck = 1020;
			};
			buildConfigurationList = 3F19EA590F165979C250B682 /* Build configuration list for PBXProject "Tapsnap" */;
			compatibilityVersion = "Xcode 10.0";
			developmentRegion = en;
			hasScannedForEncodings = 0;
			knownRegions = (
				en,
				Base,
			);
			mainGroup = 6803BFD8A97340E540815774;
			packageReferences = (
			);
			projectDirPath = "";
			projectRoot = "";
			targets = (
				9495FDBD704DC879B6B218A9 /* Tapsnap */,
			);
		};
/* End PBXProject section */

/* Begin PBXResourcesBuildPhase section */
		DF85E74D7F913E1F547B770E /* Resources */ = {
			isa = PBXResourcesBuildPhase;
			buildActionMask = 2147483647;
			files = (
				A82CDC252A3653C4519C16FA /* Assets.xcassets in Resources */,
				ED2222D52468D8BC0007D3EE /* Localizable.strings in Resources */,
				DD02C776E10CF87F7623060B /* LaunchScreen.storyboard in Resources */,
			);
			runOnlyForDeploymentPostprocessing = 0;
		};
/* End PBXResourcesBuildPhase section */

/* Begin PBXSourcesBuildPhase section */
		01C64B6AF7E97FFB35F3331D /* Sources */ = {
			isa = PBXSourcesBuildPhase;
			buildActionMask = 2147483647;
			files = (
				ED82F2202468DF64005070E7 /* OSLog+Extensions.swift in Sources */,
				ED82F23C2468DF64005070E7 /* LoggedOutViewController.swift in Sources */,
				ED82F2352468DF64005070E7 /* World.swift in Sources */,
				ED82F26F2468DF64005070E7 /* DeleteGroupViewController.swift in Sources */,
				ED82F2612468DF64005070E7 /* MapViewOverlay.swift in Sources */,
				ED82F23F2468DF64005070E7 /* SubscriptionValueViewController.swift in Sources */,
				ED82F2522468DF64005070E7 /* RecordProgressView.swift in Sources */,
				ED82F2742468DF64005070E7 /* MenuViewController.swift in Sources */,
				ED82F21B2468DF64005070E7 /* PlaybackMetadata.swift in Sources */,
				ED82F26D2468DF64005070E7 /* RenameGroupViewController.swift in Sources */,
				ED82F2442468DF64005070E7 /* ContactCollectionViewCell.swift in Sources */,
				ED82F2392468DF64005070E7 /* AppDelegate.swift in Sources */,
				ED82F2112468DF64005070E7 /* PublicKeyCryptography.swift in Sources */,
				ED82F25D2468DF64005070E7 /* PlaybackViewController+MKMapViewDelegate.swift in Sources */,
				ED82F2372468DF64005070E7 /* AppDelegate+CLLocationManagerDelegate.swift in Sources */,
				ED82F2582468DF64005070E7 /* SearchContactsValue.swift in Sources */,
				ED82F2232468DF64005070E7 /* UILabel+Extension.swift in Sources */,
				ED82F2622468DF64005070E7 /* SavedTapsViewController+UISearchResultsUpdating.swift.swift in Sources */,
				ED82F2382468DF64005070E7 /* AppDelegate+SKPaymentTransactionObserver.swift in Sources */,
				ED82F2662468DF64005070E7 /* MenuCellTableViewCell.swift in Sources */,
				ED82F2402468DF64005070E7 /* SubscriptionViewController.swift in Sources */,
				ED82F22A2468DF64005070E7 /* UICollectionViewCell+Extensions.swift in Sources */,
				ED2222D72468DD6D0007D3EE /* Strings.swift in Sources */,
				ED82F2732468DF64005070E7 /* MenuViewController+UITableViewDataSource.swift in Sources */,
				ED82F2302468DF64005070E7 /* AVCaptureSession+Extensions.swift in Sources */,
				ED82F2312468DF64005070E7 /* CKContainer+UICloudSharingControllerDelegate.swift in Sources */,
				ED82F2242468DF64005070E7 /* UIButton+Extension.swift in Sources */,
				ED82F2212468DF64005070E7 /* CKRecord+Extensions.swift in Sources */,
				ED82F20E2468DF64005070E7 /* AppDelegate+SKRequestDelegate.swift in Sources */,
				ED82F2252468DF64005070E7 /* MKPinAnnotationView+Extensions.swift in Sources */,
				ED82F2752468DF64005070E7 /* MenuViewController+UITableViewDelegate.swift in Sources */,
				ED82F2102468DF64005070E7 /* KeyStoreError.swift in Sources */,
				ED82F21A2468DF64005070E7 /* CKContainer+PKI.swift in Sources */,
				ED82F2712468DF64005070E7 /* MyGorupsCollectionView.swift in Sources */,
				ED82F2172468DF64005070E7 /* CKContainer+Extensions.swift in Sources */,
				ED82F2682468DF64005070E7 /* ToggleTableViewCell.swift in Sources */,
				ED82F2162468DF64005070E7 /* CKContainer+User.swift in Sources */,
				ED82F23E2468DF64005070E7 /* LoggedInViewController.swift in Sources */,
				ED82F2632468DF64005070E7 /* SavedTapsViewController+UISearchBarDelegate.swift in Sources */,
				ED82F2672468DF64005070E7 /* AvatarNameTableViewCell.swift in Sources */,
				ED82F2222468DF64005070E7 /* UIView+Extensions.swift in Sources */,
				ED82F25E2468DF64005070E7 /* PlaybackViewController.swift in Sources */,
				ED82F25A2468DF64005070E7 /* SearchContactsViewController+UISearchResultsUpdating.swift in Sources */,
				ED82F2282468DF64005070E7 /* UINavigationBar+Extensions.swift in Sources */,
				ED82F26A2468DF64005070E7 /* MyGroupCollectionViewCell.swift in Sources */,
				ED82F2452468DF64005070E7 /* SyncTableViewCell.swift in Sources */,
				ED82F2552468DF64005070E7 /* SearchContactTableViewCell.swift in Sources */,
				ED82F25C2468DF64005070E7 /* SearchContactsTableView.swift in Sources */,
				ED82F2702468DF64005070E7 /* MyGroupsViewController.swift in Sources */,
				ED82F2472468DF64005070E7 /* GroupSection.swift in Sources */,
				ED82F2482468DF64005070E7 /* GroupValue.swift in Sources */,
				ED82F21C2468DF64005070E7 /* EXIFProperties.swift in Sources */,
				ED82F22E2468DF64005070E7 /* URL+Extensions.swift in Sources */,
				ED82F2122468DF64005070E7 /* GenericPasswordStore.swift in Sources */,
				ED82F2592468DF64005070E7 /* SearchContactsSection.swift in Sources */,
				ED82F22B2468DF64005070E7 /* SensorVisualizerWindow+Touch.swift in Sources */,
				ED82F2342468DF64005070E7 /* Formatter.swift in Sources */,
				ED82F26C2468DF64005070E7 /* MyGroupsDiffableDataSource.swift in Sources */,
				ED82F2182468DF64005070E7 /* CKContainer+Groups.swift in Sources */,
				ED82F21E2468DF64005070E7 /* SKPaymentTransactionState+Extensions.swift in Sources */,
				ED82F22F2468DF64005070E7 /* UNNotificationRequest+Extensions.swift in Sources */,
				ED82F22C2468DF64005070E7 /* EXIFData+Extensions.swift in Sources */,
				ED82F25F2468DF64005070E7 /* PlayerLooper.swift in Sources */,
				ED82F26E2468DF64005070E7 /* NewGroupViewController.swift in Sources */,
				ED82F2152468DF64005070E7 /* Aliases.swift in Sources */,
				ED82F2192468DF64005070E7 /* CKContainer+Messages.swift in Sources */,
				ED82F2362468DF64005070E7 /* ViewBootstrappable.swift in Sources */,
				ED82F2132468DF64005070E7 /* GenericPasswordConvertible.swift in Sources */,
				ED82F2692468DF64005070E7 /* ResetKeysViewController.swift in Sources */,
				ED82F26B2468DF64005070E7 /* MyGroupsViewController+UICollectionViewDelegate.swift in Sources */,
				ED82F2512468DF64005070E7 /* MusicPlaybackView.swift in Sources */,
				ED82F2722468DF64005070E7 /* MenuModels.swift in Sources */,
				ED82F21D2468DF64005070E7 /* CloudKitKeys.swift in Sources */,
				ED82F2322468DF64005070E7 /* EmptyDataView.swift in Sources */,
				ED82F21F2468DF64005070E7 /* CAAnimationGroup+Extensions.swift in Sources */,
				ED82F24C2468DF64005070E7 /* KeyboardAccessoryView.swift in Sources */,
				ED82F23D2468DF64005070E7 /* OnboardingViewController.swift in Sources */,
				ED82F2542468DF64005070E7 /* SearchContactsViewController+UISearchControllerDelegate.swift in Sources */,
				ED82F2492468DF64005070E7 /* CameraViewController.swift in Sources */,
				ED82F23B2468DF64005070E7 /* RootViewController.swift in Sources */,
				ED82F24F2468DF64005070E7 /* TextOverlayView.swift in Sources */,
				ED82F2562468DF64005070E7 /* SearchContactsViewController.swift in Sources */,
				ED82F2652468DF64005070E7 /* SavedTapsViewController+UISearchControllerDelegate.swift in Sources */,
				ED82F2262468DF64005070E7 /* UIImage+Extensions.swift in Sources */,
				ED82F2462468DF64005070E7 /* CameraViewController+AVCaptureFileOutputRecordingDelegate.swift in Sources */,
				ED82F2572468DF64005070E7 /* SearchContactsViewController+UISearchBarDelegate.swift in Sources */,
				ED82F23A2468DF64005070E7 /* AppDelegate+UNUserNotificationCenterDelegate.swift in Sources */,
				ED82F24A2468DF64005070E7 /* CameraViewController+AVCapturePhotoCaptureDelegate.swift in Sources */,
				ED82F2502468DF64005070E7 /* IndeterminateProgressView.swift in Sources */,
				ED82F2602468DF64005070E7 /* CurrentSongView.swift in Sources */,
				ED82F2272468DF64005070E7 /* AVAssetTrack+Extensions.swift in Sources */,
				ED82F2412468DF64005070E7 /* CameraGroupsDiffableDataSource.swift in Sources */,
				ED82F2532468DF64005070E7 /* DrawingToolsView.swift in Sources */,
				ED82F22D2468DF64005070E7 /* UITableViewCell+Extensions.swift in Sources */,
				ED82F2422468DF64005070E7 /* CameraViewController+UICollectionViewDelegate.swift in Sources */,
				ED82F20F2468DF64005070E7 /* Constants.swift in Sources */,
				ED82F2142468DF64005070E7 /* SensorVisualizerWindow.swift in Sources */,
				ED82F24B2468DF64005070E7 /* CameraOverlayView.swift in Sources */,
				ED82F2292468DF64005070E7 /* CLLocationManager+Combine.swift in Sources */,
				ED82F2642468DF64005070E7 /* SavedTapsViewController.swift in Sources */,
				ED82F24D2468DF64005070E7 /* CameraPreviewView.swift in Sources */,
				ED82F25B2468DF64005070E7 /* SearchContactsViewControllerDiffableDataSource.swift in Sources */,
				ED82F24E2468DF64005070E7 /* ContactsCollectionView.swift in Sources */,
				ED82F2432468DF64005070E7 /* NowPlayingPreviewTableViewCell.swift in Sources */,
				ED82F2332468DF64005070E7 /* Reachability.swift in Sources */,
			);
			runOnlyForDeploymentPostprocessing = 0;
		};
/* End PBXSourcesBuildPhase section */

/* Begin PBXVariantGroup section */
		CBB92E046CD027936FF1AB84 /* LaunchScreen.storyboard */ = {
			isa = PBXVariantGroup;
			children = (
				1E519411855163D974866C78 /* Base */,
			);
			name = LaunchScreen.storyboard;
			sourceTree = "<group>";
		};
/* End PBXVariantGroup section */

/* Begin XCBuildConfiguration section */
		54672B290182A5E889F0158F /* Debug */ = {
			isa = XCBuildConfiguration;
			buildSettings = {
				ASSETCATALOG_COMPILER_APPICON_NAME = AppIcon;
				CODE_SIGN_ENTITLEMENTS = Tapsnap/SupportingFiles/Tapsnap.entitlements;
				CODE_SIGN_IDENTITY = "iPhone Developer";
				CURRENT_PROJECT_VERSION = 17;
				DEVELOPMENT_TEAM = 5WSA243UP9;
				INFOPLIST_FILE = Tapsnap/SupportingFiles/Info.plist;
				IPHONEOS_DEPLOYMENT_TARGET = 13.0;
				LD_RUNPATH_SEARCH_PATHS = (
					"$(inherited)",
					"@executable_path/Frameworks",
				);
				MARKETING_VERSION = 0.1.0;
				PRODUCT_BUNDLE_IDENTIFIER = app.tapsnap.tap;
				SDKROOT = iphoneos;
				TARGETED_DEVICE_FAMILY = "1,2";
			};
			name = Debug;
		};
		8AD29F0E48DDA5D0D099E82C /* Release */ = {
			isa = XCBuildConfiguration;
			buildSettings = {
				ALWAYS_SEARCH_USER_PATHS = NO;
				CLANG_ANALYZER_NONNULL = YES;
				CLANG_ANALYZER_NUMBER_OBJECT_CONVERSION = YES_AGGRESSIVE;
				CLANG_CXX_LANGUAGE_STANDARD = "gnu++14";
				CLANG_CXX_LIBRARY = "libc++";
				CLANG_ENABLE_MODULES = YES;
				CLANG_ENABLE_OBJC_ARC = YES;
				CLANG_WARN_BLOCK_CAPTURE_AUTORELEASING = YES;
				CLANG_WARN_BOOL_CONVERSION = YES;
				CLANG_WARN_COMMA = YES;
				CLANG_WARN_CONSTANT_CONVERSION = YES;
				CLANG_WARN_DEPRECATED_OBJC_IMPLEMENTATIONS = YES;
				CLANG_WARN_DIRECT_OBJC_ISA_USAGE = YES_ERROR;
				CLANG_WARN_DOCUMENTATION_COMMENTS = YES;
				CLANG_WARN_EMPTY_BODY = YES;
				CLANG_WARN_ENUM_CONVERSION = YES;
				CLANG_WARN_INFINITE_RECURSION = YES;
				CLANG_WARN_INT_CONVERSION = YES;
				CLANG_WARN_NON_LITERAL_NULL_CONVERSION = YES;
				CLANG_WARN_OBJC_IMPLICIT_RETAIN_SELF = YES;
				CLANG_WARN_OBJC_LITERAL_CONVERSION = YES;
				CLANG_WARN_OBJC_ROOT_CLASS = YES_ERROR;
				CLANG_WARN_RANGE_LOOP_ANALYSIS = YES;
				CLANG_WARN_STRICT_PROTOTYPES = YES;
				CLANG_WARN_SUSPICIOUS_MOVE = YES;
				CLANG_WARN_UNGUARDED_AVAILABILITY = YES_AGGRESSIVE;
				CLANG_WARN_UNREACHABLE_CODE = YES;
				CLANG_WARN__DUPLICATE_METHOD_MATCH = YES;
				COPY_PHASE_STRIP = NO;
				DEBUG_INFORMATION_FORMAT = "dwarf-with-dsym";
				DEVELOPMENT_TEAM = K78G42H4U2;
				ENABLE_NS_ASSERTIONS = NO;
				ENABLE_STRICT_OBJC_MSGSEND = YES;
				GCC_C_LANGUAGE_STANDARD = gnu11;
				GCC_NO_COMMON_BLOCKS = YES;
				GCC_WARN_64_TO_32_BIT_CONVERSION = YES;
				GCC_WARN_ABOUT_RETURN_TYPE = YES_ERROR;
				GCC_WARN_UNDECLARED_SELECTOR = YES;
				GCC_WARN_UNINITIALIZED_AUTOS = YES_AGGRESSIVE;
				GCC_WARN_UNUSED_FUNCTION = YES;
				GCC_WARN_UNUSED_VARIABLE = YES;
				PRODUCT_NAME = "$(TARGET_NAME)";
				SWIFT_COMPILATION_MODE = wholemodule;
				SWIFT_VERSION = 5.0;
				VALIDATE_PRODUCT = YES;
			};
			name = Release;
		};
		99B9357A71841A1E17F25388 /* Debug */ = {
			isa = XCBuildConfiguration;
			buildSettings = {
				ALWAYS_SEARCH_USER_PATHS = NO;
				CLANG_ANALYZER_NONNULL = YES;
				CLANG_ANALYZER_NUMBER_OBJECT_CONVERSION = YES_AGGRESSIVE;
				CLANG_CXX_LANGUAGE_STANDARD = "gnu++14";
				CLANG_CXX_LIBRARY = "libc++";
				CLANG_ENABLE_MODULES = YES;
				CLANG_ENABLE_OBJC_ARC = YES;
				CLANG_WARN_BLOCK_CAPTURE_AUTORELEASING = YES;
				CLANG_WARN_BOOL_CONVERSION = YES;
				CLANG_WARN_COMMA = YES;
				CLANG_WARN_CONSTANT_CONVERSION = YES;
				CLANG_WARN_DEPRECATED_OBJC_IMPLEMENTATIONS = YES;
				CLANG_WARN_DIRECT_OBJC_ISA_USAGE = YES_ERROR;
				CLANG_WARN_DOCUMENTATION_COMMENTS = YES;
				CLANG_WARN_EMPTY_BODY = YES;
				CLANG_WARN_ENUM_CONVERSION = YES;
				CLANG_WARN_INFINITE_RECURSION = YES;
				CLANG_WARN_INT_CONVERSION = YES;
				CLANG_WARN_NON_LITERAL_NULL_CONVERSION = YES;
				CLANG_WARN_OBJC_IMPLICIT_RETAIN_SELF = YES;
				CLANG_WARN_OBJC_LITERAL_CONVERSION = YES;
				CLANG_WARN_OBJC_ROOT_CLASS = YES_ERROR;
				CLANG_WARN_RANGE_LOOP_ANALYSIS = YES;
				CLANG_WARN_STRICT_PROTOTYPES = YES;
				CLANG_WARN_SUSPICIOUS_MOVE = YES;
				CLANG_WARN_UNGUARDED_AVAILABILITY = YES_AGGRESSIVE;
				CLANG_WARN_UNREACHABLE_CODE = YES;
				CLANG_WARN__DUPLICATE_METHOD_MATCH = YES;
				COPY_PHASE_STRIP = NO;
				DEBUG_INFORMATION_FORMAT = dwarf;
				DEVELOPMENT_TEAM = K78G42H4U2;
				ENABLE_STRICT_OBJC_MSGSEND = YES;
				ENABLE_TESTABILITY = YES;
				GCC_C_LANGUAGE_STANDARD = gnu11;
				GCC_DYNAMIC_NO_PIC = NO;
				GCC_NO_COMMON_BLOCKS = YES;
				GCC_OPTIMIZATION_LEVEL = 0;
				GCC_PREPROCESSOR_DEFINITIONS = (
					"$(inherited)",
					"DEBUG=1",
				);
				GCC_WARN_64_TO_32_BIT_CONVERSION = YES;
				GCC_WARN_ABOUT_RETURN_TYPE = YES_ERROR;
				GCC_WARN_UNDECLARED_SELECTOR = YES;
				GCC_WARN_UNINITIALIZED_AUTOS = YES_AGGRESSIVE;
				GCC_WARN_UNUSED_FUNCTION = YES;
				GCC_WARN_UNUSED_VARIABLE = YES;
				MTL_ENABLE_DEBUG_INFO = YES;
				ONLY_ACTIVE_ARCH = YES;
				PRODUCT_NAME = "$(TARGET_NAME)";
				SWIFT_ACTIVE_COMPILATION_CONDITIONS = DEBUG;
				SWIFT_OPTIMIZATION_LEVEL = "-Onone";
				SWIFT_VERSION = 5.0;
			};
			name = Debug;
		};
		B9C2655109C111E376DE9EA2 /* Release */ = {
			isa = XCBuildConfiguration;
			buildSettings = {
				ASSETCATALOG_COMPILER_APPICON_NAME = AppIcon;
				CODE_SIGN_ENTITLEMENTS = Tapsnap/SupportingFiles/Tapsnap.entitlements;
				CODE_SIGN_IDENTITY = "iPhone Developer";
				CURRENT_PROJECT_VERSION = 17;
				DEVELOPMENT_TEAM = 5WSA243UP9;
				INFOPLIST_FILE = Tapsnap/SupportingFiles/Info.plist;
				IPHONEOS_DEPLOYMENT_TARGET = 13.0;
				LD_RUNPATH_SEARCH_PATHS = (
					"$(inherited)",
					"@executable_path/Frameworks",
				);
				MARKETING_VERSION = 0.1.0;
				PRODUCT_BUNDLE_IDENTIFIER = app.tapsnap.tap;
				SDKROOT = iphoneos;
				TARGETED_DEVICE_FAMILY = "1,2";
			};
			name = Release;
		};
/* End XCBuildConfiguration section */

/* Begin XCConfigurationList section */
		3F19EA590F165979C250B682 /* Build configuration list for PBXProject "Tapsnap" */ = {
			isa = XCConfigurationList;
			buildConfigurations = (
				99B9357A71841A1E17F25388 /* Debug */,
				8AD29F0E48DDA5D0D099E82C /* Release */,
			);
			defaultConfigurationIsVisible = 0;
			defaultConfigurationName = Debug;
		};
		D6DC16EE5754885C8E9AA0BA /* Build configuration list for PBXNativeTarget "Tapsnap" */ = {
			isa = XCConfigurationList;
			buildConfigurations = (
				54672B290182A5E889F0158F /* Debug */,
				B9C2655109C111E376DE9EA2 /* Release */,
			);
			defaultConfigurationIsVisible = 0;
			defaultConfigurationName = "";
		};
/* End XCConfigurationList section */
	};
	rootObject = D0BD78D46161BCEF6F917A8C /* Project object */;
}
