// !$*UTF8*$!
{
	archiveVersion = 1;
	classes = {
	};
	objectVersion = 50;
	objects = {

/* Begin PBXBuildFile section */
		ED500D4023E5465200330C79 /* LoggedInViewController.swift in Sources */ = {isa = PBXBuildFile; fileRef = ED500D3F23E5465200330C79 /* LoggedInViewController.swift */; };
		ED500D4223E5483800330C79 /* RootViewController.swift in Sources */ = {isa = PBXBuildFile; fileRef = ED500D4123E5483800330C79 /* RootViewController.swift */; };
		EDB014F323E53FAC001B61C2 /* AppDelegate.swift in Sources */ = {isa = PBXBuildFile; fileRef = EDB014F223E53FAC001B61C2 /* AppDelegate.swift */; };
		EDB014F523E53FAC001B61C2 /* SceneDelegate.swift in Sources */ = {isa = PBXBuildFile; fileRef = EDB014F423E53FAC001B61C2 /* SceneDelegate.swift */; };
		EDB014F723E53FAC001B61C2 /* LoggedOutViewController.swift in Sources */ = {isa = PBXBuildFile; fileRef = EDB014F623E53FAC001B61C2 /* LoggedOutViewController.swift */; };
		EDB014FD23E53FAC001B61C2 /* Dolo.xcdatamodeld in Sources */ = {isa = PBXBuildFile; fileRef = EDB014FB23E53FAC001B61C2 /* Dolo.xcdatamodeld */; };
		EDB014FF23E53FAD001B61C2 /* Assets.xcassets in Resources */ = {isa = PBXBuildFile; fileRef = EDB014FE23E53FAD001B61C2 /* Assets.xcassets */; };
		EDB0150223E53FAD001B61C2 /* LaunchScreen.storyboard in Resources */ = {isa = PBXBuildFile; fileRef = EDB0150023E53FAD001B61C2 /* LaunchScreen.storyboard */; };
		EDB0150D23E53FAD001B61C2 /* DoloTests.swift in Sources */ = {isa = PBXBuildFile; fileRef = EDB0150C23E53FAD001B61C2 /* DoloTests.swift */; };
/* End PBXBuildFile section */

/* Begin PBXContainerItemProxy section */
		EDB0150923E53FAD001B61C2 /* PBXContainerItemProxy */ = {
			isa = PBXContainerItemProxy;
			containerPortal = EDB014E723E53FAC001B61C2 /* Project object */;
			proxyType = 1;
			remoteGlobalIDString = EDB014EE23E53FAC001B61C2;
			remoteInfo = Dolo;
		};
/* End PBXContainerItemProxy section */

/* Begin PBXFileReference section */
		ED37CB4423E54A3B00D2C2BE /* Dolo.entitlements */ = {isa = PBXFileReference; lastKnownFileType = text.plist.entitlements; path = Dolo.entitlements; sourceTree = "<group>"; };
		ED500D3F23E5465200330C79 /* LoggedInViewController.swift */ = {isa = PBXFileReference; lastKnownFileType = sourcecode.swift; path = LoggedInViewController.swift; sourceTree = "<group>"; };
		ED500D4123E5483800330C79 /* RootViewController.swift */ = {isa = PBXFileReference; lastKnownFileType = sourcecode.swift; path = RootViewController.swift; sourceTree = "<group>"; };
		EDB014EF23E53FAC001B61C2 /* Dolo.app */ = {isa = PBXFileReference; explicitFileType = wrapper.application; includeInIndex = 0; path = Dolo.app; sourceTree = BUILT_PRODUCTS_DIR; };
		EDB014F223E53FAC001B61C2 /* AppDelegate.swift */ = {isa = PBXFileReference; lastKnownFileType = sourcecode.swift; path = AppDelegate.swift; sourceTree = "<group>"; };
		EDB014F423E53FAC001B61C2 /* SceneDelegate.swift */ = {isa = PBXFileReference; lastKnownFileType = sourcecode.swift; path = SceneDelegate.swift; sourceTree = "<group>"; };
		EDB014F623E53FAC001B61C2 /* LoggedOutViewController.swift */ = {isa = PBXFileReference; lastKnownFileType = sourcecode.swift; path = LoggedOutViewController.swift; sourceTree = "<group>"; };
		EDB014FC23E53FAC001B61C2 /* Dolo.xcdatamodel */ = {isa = PBXFileReference; lastKnownFileType = wrapper.xcdatamodel; path = Dolo.xcdatamodel; sourceTree = "<group>"; };
		EDB014FE23E53FAD001B61C2 /* Assets.xcassets */ = {isa = PBXFileReference; lastKnownFileType = folder.assetcatalog; path = Assets.xcassets; sourceTree = "<group>"; };
		EDB0150123E53FAD001B61C2 /* Base */ = {isa = PBXFileReference; lastKnownFileType = file.storyboard; name = Base; path = Base.lproj/LaunchScreen.storyboard; sourceTree = "<group>"; };
		EDB0150323E53FAD001B61C2 /* Info.plist */ = {isa = PBXFileReference; lastKnownFileType = text.plist.xml; path = Info.plist; sourceTree = "<group>"; };
		EDB0150823E53FAD001B61C2 /* DoloTests.xctest */ = {isa = PBXFileReference; explicitFileType = wrapper.cfbundle; includeInIndex = 0; path = DoloTests.xctest; sourceTree = BUILT_PRODUCTS_DIR; };
		EDB0150C23E53FAD001B61C2 /* DoloTests.swift */ = {isa = PBXFileReference; lastKnownFileType = sourcecode.swift; path = DoloTests.swift; sourceTree = "<group>"; };
		EDB0150E23E53FAD001B61C2 /* Info.plist */ = {isa = PBXFileReference; lastKnownFileType = text.plist.xml; path = Info.plist; sourceTree = "<group>"; };
/* End PBXFileReference section */

/* Begin PBXFrameworksBuildPhase section */
		EDB014EC23E53FAC001B61C2 /* Frameworks */ = {
			isa = PBXFrameworksBuildPhase;
			buildActionMask = 2147483647;
			files = (
			);
			runOnlyForDeploymentPostprocessing = 0;
		};
		EDB0150523E53FAD001B61C2 /* Frameworks */ = {
			isa = PBXFrameworksBuildPhase;
			buildActionMask = 2147483647;
			files = (
			);
			runOnlyForDeploymentPostprocessing = 0;
		};
/* End PBXFrameworksBuildPhase section */

/* Begin PBXGroup section */
		EDB014E623E53FAC001B61C2 = {
			isa = PBXGroup;
			children = (
				EDB014F123E53FAC001B61C2 /* Dolo */,
				EDB0150B23E53FAD001B61C2 /* DoloTests */,
				EDB014F023E53FAC001B61C2 /* Products */,
			);
			sourceTree = "<group>";
		};
		EDB014F023E53FAC001B61C2 /* Products */ = {
			isa = PBXGroup;
			children = (
				EDB014EF23E53FAC001B61C2 /* Dolo.app */,
				EDB0150823E53FAD001B61C2 /* DoloTests.xctest */,
			);
			name = Products;
			sourceTree = "<group>";
		};
		EDB014F123E53FAC001B61C2 /* Dolo */ = {
			isa = PBXGroup;
			children = (
				ED37CB4423E54A3B00D2C2BE /* Dolo.entitlements */,
				EDB014F423E53FAC001B61C2 /* SceneDelegate.swift */,
				EDB0151723E5408E001B61C2 /* Root */,
				EDB014F223E53FAC001B61C2 /* AppDelegate.swift */,
				EDB014FE23E53FAD001B61C2 /* Assets.xcassets */,
				EDB0150023E53FAD001B61C2 /* LaunchScreen.storyboard */,
				EDB0150323E53FAD001B61C2 /* Info.plist */,
				EDB014FB23E53FAC001B61C2 /* Dolo.xcdatamodeld */,
			);
			path = Dolo;
			sourceTree = "<group>";
		};
		EDB0150B23E53FAD001B61C2 /* DoloTests */ = {
			isa = PBXGroup;
			children = (
				EDB0150C23E53FAD001B61C2 /* DoloTests.swift */,
				EDB0150E23E53FAD001B61C2 /* Info.plist */,
			);
			path = DoloTests;
			sourceTree = "<group>";
		};
		EDB0151723E5408E001B61C2 /* Root */ = {
			isa = PBXGroup;
			children = (
				ED500D4123E5483800330C79 /* RootViewController.swift */,
				EDB0151923E540AA001B61C2 /* LoggedIn */,
				EDB0151823E540A0001B61C2 /* LoggedOut */,
			);
			path = Root;
			sourceTree = "<group>";
		};
		EDB0151823E540A0001B61C2 /* LoggedOut */ = {
			isa = PBXGroup;
			children = (
				EDB014F623E53FAC001B61C2 /* LoggedOutViewController.swift */,
			);
			path = LoggedOut;
			sourceTree = "<group>";
		};
		EDB0151923E540AA001B61C2 /* LoggedIn */ = {
			isa = PBXGroup;
			children = (
				EDB0151B23E540B8001B61C2 /* Camera */,
				EDB0151A23E540AE001B61C2 /* Settings */,
				ED500D3F23E5465200330C79 /* LoggedInViewController.swift */,
			);
			path = LoggedIn;
			sourceTree = "<group>";
		};
		EDB0151A23E540AE001B61C2 /* Settings */ = {
			isa = PBXGroup;
			children = (
			);
			path = Settings;
			sourceTree = "<group>";
		};
		EDB0151B23E540B8001B61C2 /* Camera */ = {
			isa = PBXGroup;
			children = (
			);
			path = Camera;
			sourceTree = "<group>";
		};
/* End PBXGroup section */

/* Begin PBXNativeTarget section */
		EDB014EE23E53FAC001B61C2 /* Dolo */ = {
			isa = PBXNativeTarget;
			buildConfigurationList = EDB0151123E53FAD001B61C2 /* Build configuration list for PBXNativeTarget "Dolo" */;
			buildPhases = (
				EDB014EB23E53FAC001B61C2 /* Sources */,
				EDB014EC23E53FAC001B61C2 /* Frameworks */,
				EDB014ED23E53FAC001B61C2 /* Resources */,
			);
			buildRules = (
			);
			dependencies = (
			);
			name = Dolo;
			productName = Dolo;
			productReference = EDB014EF23E53FAC001B61C2 /* Dolo.app */;
			productType = "com.apple.product-type.application";
		};
		EDB0150723E53FAD001B61C2 /* DoloTests */ = {
			isa = PBXNativeTarget;
			buildConfigurationList = EDB0151423E53FAD001B61C2 /* Build configuration list for PBXNativeTarget "DoloTests" */;
			buildPhases = (
				EDB0150423E53FAD001B61C2 /* Sources */,
				EDB0150523E53FAD001B61C2 /* Frameworks */,
				EDB0150623E53FAD001B61C2 /* Resources */,
			);
			buildRules = (
			);
			dependencies = (
				EDB0150A23E53FAD001B61C2 /* PBXTargetDependency */,
			);
			name = DoloTests;
			productName = DoloTests;
			productReference = EDB0150823E53FAD001B61C2 /* DoloTests.xctest */;
			productType = "com.apple.product-type.bundle.unit-test";
		};
/* End PBXNativeTarget section */

/* Begin PBXProject section */
		EDB014E723E53FAC001B61C2 /* Project object */ = {
			isa = PBXProject;
			attributes = {
				LastSwiftUpdateCheck = 1130;
				LastUpgradeCheck = 1130;
				ORGANIZATIONNAME = "Joe Blau";
				TargetAttributes = {
					EDB014EE23E53FAC001B61C2 = {
						CreatedOnToolsVersion = 11.3;
					};
					EDB0150723E53FAD001B61C2 = {
						CreatedOnToolsVersion = 11.3;
						TestTargetID = EDB014EE23E53FAC001B61C2;
					};
				};
			};
			buildConfigurationList = EDB014EA23E53FAC001B61C2 /* Build configuration list for PBXProject "Dolo" */;
			compatibilityVersion = "Xcode 9.3";
			developmentRegion = en;
			hasScannedForEncodings = 0;
			knownRegions = (
				en,
				Base,
			);
			mainGroup = EDB014E623E53FAC001B61C2;
			productRefGroup = EDB014F023E53FAC001B61C2 /* Products */;
			projectDirPath = "";
			projectRoot = "";
			targets = (
				EDB014EE23E53FAC001B61C2 /* Dolo */,
				EDB0150723E53FAD001B61C2 /* DoloTests */,
			);
		};
/* End PBXProject section */

/* Begin PBXResourcesBuildPhase section */
		EDB014ED23E53FAC001B61C2 /* Resources */ = {
			isa = PBXResourcesBuildPhase;
			buildActionMask = 2147483647;
			files = (
				EDB0150223E53FAD001B61C2 /* LaunchScreen.storyboard in Resources */,
				EDB014FF23E53FAD001B61C2 /* Assets.xcassets in Resources */,
			);
			runOnlyForDeploymentPostprocessing = 0;
		};
		EDB0150623E53FAD001B61C2 /* Resources */ = {
			isa = PBXResourcesBuildPhase;
			buildActionMask = 2147483647;
			files = (
			);
			runOnlyForDeploymentPostprocessing = 0;
		};
/* End PBXResourcesBuildPhase section */

/* Begin PBXSourcesBuildPhase section */
		EDB014EB23E53FAC001B61C2 /* Sources */ = {
			isa = PBXSourcesBuildPhase;
			buildActionMask = 2147483647;
			files = (
				EDB014F723E53FAC001B61C2 /* LoggedOutViewController.swift in Sources */,
				ED500D4023E5465200330C79 /* LoggedInViewController.swift in Sources */,
				ED500D4223E5483800330C79 /* RootViewController.swift in Sources */,
				EDB014F323E53FAC001B61C2 /* AppDelegate.swift in Sources */,
				EDB014F523E53FAC001B61C2 /* SceneDelegate.swift in Sources */,
				EDB014FD23E53FAC001B61C2 /* Dolo.xcdatamodeld in Sources */,
			);
			runOnlyForDeploymentPostprocessing = 0;
		};
		EDB0150423E53FAD001B61C2 /* Sources */ = {
			isa = PBXSourcesBuildPhase;
			buildActionMask = 2147483647;
			files = (
				EDB0150D23E53FAD001B61C2 /* DoloTests.swift in Sources */,
			);
			runOnlyForDeploymentPostprocessing = 0;
		};
/* End PBXSourcesBuildPhase section */

/* Begin PBXTargetDependency section */
		EDB0150A23E53FAD001B61C2 /* PBXTargetDependency */ = {
			isa = PBXTargetDependency;
			target = EDB014EE23E53FAC001B61C2 /* Dolo */;
			targetProxy = EDB0150923E53FAD001B61C2 /* PBXContainerItemProxy */;
		};
/* End PBXTargetDependency section */

/* Begin PBXVariantGroup section */
		EDB0150023E53FAD001B61C2 /* LaunchScreen.storyboard */ = {
			isa = PBXVariantGroup;
			children = (
				EDB0150123E53FAD001B61C2 /* Base */,
			);
			name = LaunchScreen.storyboard;
			sourceTree = "<group>";
		};
/* End PBXVariantGroup section */

/* Begin XCBuildConfiguration section */
		EDB0150F23E53FAD001B61C2 /* Debug */ = {
			isa = XCBuildConfiguration;
			buildSettings = {
				ALWAYS_SEARCH_USER_PATHS = NO;
				CLANG_ANALYZER_NONNULL = YES;
				CLANG_ANALYZER_NUMBER_OBJECT_CONVERSION = YES_AGGRESSIVE;
				CLANG_CXX_LANGUAGE_STANDARD = "gnu++14";
				CLANG_CXX_LIBRARY = "libc++";
				CLANG_ENABLE_MODULES = YES;
				CLANG_ENABLE_OBJC_ARC = YES;
				CLANG_ENABLE_OBJC_WEAK = YES;
				CLANG_WARN_BLOCK_CAPTURE_AUTORELEASING = YES;
				CLANG_WARN_BOOL_CONVERSION = YES;
				CLANG_WARN_COMMA = YES;
				CLANG_WARN_CONSTANT_CONVERSION = YES;
				CLANG_WARN_DEPRECATED_OBJC_IMPLEMENTATIONS = YES;
				CLANG_WARN_DIRECT_OBJC_ISA_USAGE = YES_ERROR;
				CLANG_WARN_DOCUMENTATION_COMMENTS = YES;
				CLANG_WARN_EMPTY_BODY = YES;
				CLANG_WARN_ENUM_CONVERSION = YES;
				CLANG_WARN_INFINITE_RECURSION = YES;
				CLANG_WARN_INT_CONVERSION = YES;
				CLANG_WARN_NON_LITERAL_NULL_CONVERSION = YES;
				CLANG_WARN_OBJC_IMPLICIT_RETAIN_SELF = YES;
				CLANG_WARN_OBJC_LITERAL_CONVERSION = YES;
				CLANG_WARN_OBJC_ROOT_CLASS = YES_ERROR;
				CLANG_WARN_RANGE_LOOP_ANALYSIS = YES;
				CLANG_WARN_STRICT_PROTOTYPES = YES;
				CLANG_WARN_SUSPICIOUS_MOVE = YES;
				CLANG_WARN_UNGUARDED_AVAILABILITY = YES_AGGRESSIVE;
				CLANG_WARN_UNREACHABLE_CODE = YES;
				CLANG_WARN__DUPLICATE_METHOD_MATCH = YES;
				COPY_PHASE_STRIP = NO;
				DEBUG_INFORMATION_FORMAT = dwarf;
				ENABLE_STRICT_OBJC_MSGSEND = YES;
				ENABLE_TESTABILITY = YES;
				GCC_C_LANGUAGE_STANDARD = gnu11;
				GCC_DYNAMIC_NO_PIC = NO;
				GCC_NO_COMMON_BLOCKS = YES;
				GCC_OPTIMIZATION_LEVEL = 0;
				GCC_PREPROCESSOR_DEFINITIONS = (
					"DEBUG=1",
					"$(inherited)",
				);
				GCC_WARN_64_TO_32_BIT_CONVERSION = YES;
				GCC_WARN_ABOUT_RETURN_TYPE = YES_ERROR;
				GCC_WARN_UNDECLARED_SELECTOR = YES;
				GCC_WARN_UNINITIALIZED_AUTOS = YES_AGGRESSIVE;
				GCC_WARN_UNUSED_FUNCTION = YES;
				GCC_WARN_UNUSED_VARIABLE = YES;
				IPHONEOS_DEPLOYMENT_TARGET = 13.2;
				MTL_ENABLE_DEBUG_INFO = INCLUDE_SOURCE;
				MTL_FAST_MATH = YES;
				ONLY_ACTIVE_ARCH = YES;
				SDKROOT = iphoneos;
				SWIFT_ACTIVE_COMPILATION_CONDITIONS = DEBUG;
				SWIFT_OPTIMIZATION_LEVEL = "-Onone";
			};
			name = Debug;
		};
		EDB0151023E53FAD001B61C2 /* Release */ = {
			isa = XCBuildConfiguration;
			buildSettings = {
				ALWAYS_SEARCH_USER_PATHS = NO;
				CLANG_ANALYZER_NONNULL = YES;
				CLANG_ANALYZER_NUMBER_OBJECT_CONVERSION = YES_AGGRESSIVE;
				CLANG_CXX_LANGUAGE_STANDARD = "gnu++14";
				CLANG_CXX_LIBRARY = "libc++";
				CLANG_ENABLE_MODULES = YES;
				CLANG_ENABLE_OBJC_ARC = YES;
				CLANG_ENABLE_OBJC_WEAK = YES;
				CLANG_WARN_BLOCK_CAPTURE_AUTORELEASING = YES;
				CLANG_WARN_BOOL_CONVERSION = YES;
				CLANG_WARN_COMMA = YES;
				CLANG_WARN_CONSTANT_CONVERSION = YES;
				CLANG_WARN_DEPRECATED_OBJC_IMPLEMENTATIONS = YES;
				CLANG_WARN_DIRECT_OBJC_ISA_USAGE = YES_ERROR;
				CLANG_WARN_DOCUMENTATION_COMMENTS = YES;
				CLANG_WARN_EMPTY_BODY = YES;
				CLANG_WARN_ENUM_CONVERSION = YES;
				CLANG_WARN_INFINITE_RECURSION = YES;
				CLANG_WARN_INT_CONVERSION = YES;
				CLANG_WARN_NON_LITERAL_NULL_CONVERSION = YES;
				CLANG_WARN_OBJC_IMPLICIT_RETAIN_SELF = YES;
				CLANG_WARN_OBJC_LITERAL_CONVERSION = YES;
				CLANG_WARN_OBJC_ROOT_CLASS = YES_ERROR;
				CLANG_WARN_RANGE_LOOP_ANALYSIS = YES;
				CLANG_WARN_STRICT_PROTOTYPES = YES;
				CLANG_WARN_SUSPICIOUS_MOVE = YES;
				CLANG_WARN_UNGUARDED_AVAILABILITY = YES_AGGRESSIVE;
				CLANG_WARN_UNREACHABLE_CODE = YES;
				CLANG_WARN__DUPLICATE_METHOD_MATCH = YES;
				COPY_PHASE_STRIP = NO;
				DEBUG_INFORMATION_FORMAT = "dwarf-with-dsym";
				ENABLE_NS_ASSERTIONS = NO;
				ENABLE_STRICT_OBJC_MSGSEND = YES;
				GCC_C_LANGUAGE_STANDARD = gnu11;
				GCC_NO_COMMON_BLOCKS = YES;
				GCC_WARN_64_TO_32_BIT_CONVERSION = YES;
				GCC_WARN_ABOUT_RETURN_TYPE = YES_ERROR;
				GCC_WARN_UNDECLARED_SELECTOR = YES;
				GCC_WARN_UNINITIALIZED_AUTOS = YES_AGGRESSIVE;
				GCC_WARN_UNUSED_FUNCTION = YES;
				GCC_WARN_UNUSED_VARIABLE = YES;
				IPHONEOS_DEPLOYMENT_TARGET = 13.2;
				MTL_ENABLE_DEBUG_INFO = NO;
				MTL_FAST_MATH = YES;
				SDKROOT = iphoneos;
				SWIFT_COMPILATION_MODE = wholemodule;
				SWIFT_OPTIMIZATION_LEVEL = "-O";
				VALIDATE_PRODUCT = YES;
			};
			name = Release;
		};
		EDB0151223E53FAD001B61C2 /* Debug */ = {
			isa = XCBuildConfiguration;
			buildSettings = {
				ASSETCATALOG_COMPILER_APPICON_NAME = AppIcon;
				CODE_SIGN_ENTITLEMENTS = Dolo/Dolo.entitlements;
				CODE_SIGN_STYLE = Automatic;
				DEVELOPMENT_TEAM = K78G42H4U2;
				INFOPLIST_FILE = Dolo/Info.plist;
				LD_RUNPATH_SEARCH_PATHS = (
					"$(inherited)",
					"@executable_path/Frameworks",
				);
				PRODUCT_BUNDLE_IDENTIFIER = com.joeblau.Dolo;
				PRODUCT_NAME = "$(TARGET_NAME)";
				SWIFT_VERSION = 5.0;
				TARGETED_DEVICE_FAMILY = 1;
			};
			name = Debug;
		};
		EDB0151323E53FAD001B61C2 /* Release */ = {
			isa = XCBuildConfiguration;
			buildSettings = {
				ASSETCATALOG_COMPILER_APPICON_NAME = AppIcon;
				CODE_SIGN_ENTITLEMENTS = Dolo/Dolo.entitlements;
				CODE_SIGN_STYLE = Automatic;
				DEVELOPMENT_TEAM = K78G42H4U2;
				INFOPLIST_FILE = Dolo/Info.plist;
				LD_RUNPATH_SEARCH_PATHS = (
					"$(inherited)",
					"@executable_path/Frameworks",
				);
				PRODUCT_BUNDLE_IDENTIFIER = com.joeblau.Dolo;
				PRODUCT_NAME = "$(TARGET_NAME)";
				SWIFT_VERSION = 5.0;
				TARGETED_DEVICE_FAMILY = 1;
			};
			name = Release;
		};
		EDB0151523E53FAD001B61C2 /* Debug */ = {
			isa = XCBuildConfiguration;
			buildSettings = {
				ALWAYS_EMBED_SWIFT_STANDARD_LIBRARIES = YES;
				BUNDLE_LOADER = "$(TEST_HOST)";
				CODE_SIGN_STYLE = Automatic;
				INFOPLIST_FILE = DoloTests/Info.plist;
				IPHONEOS_DEPLOYMENT_TARGET = 13.2;
				LD_RUNPATH_SEARCH_PATHS = (
					"$(inherited)",
					"@executable_path/Frameworks",
					"@loader_path/Frameworks",
				);
				PRODUCT_BUNDLE_IDENTIFIER = com.joeblau.DoloTests;
				PRODUCT_NAME = "$(TARGET_NAME)";
				SWIFT_VERSION = 5.0;
				TARGETED_DEVICE_FAMILY = "1,2";
				TEST_HOST = "$(BUILT_PRODUCTS_DIR)/Dolo.app/Dolo";
			};
			name = Debug;
		};
		EDB0151623E53FAD001B61C2 /* Release */ = {
			isa = XCBuildConfiguration;
			buildSettings = {
				ALWAYS_EMBED_SWIFT_STANDARD_LIBRARIES = YES;
				BUNDLE_LOADER = "$(TEST_HOST)";
				CODE_SIGN_STYLE = Automatic;
				INFOPLIST_FILE = DoloTests/Info.plist;
				IPHONEOS_DEPLOYMENT_TARGET = 13.2;
				LD_RUNPATH_SEARCH_PATHS = (
					"$(inherited)",
					"@executable_path/Frameworks",
					"@loader_path/Frameworks",
				);
				PRODUCT_BUNDLE_IDENTIFIER = com.joeblau.DoloTests;
				PRODUCT_NAME = "$(TARGET_NAME)";
				SWIFT_VERSION = 5.0;
				TARGETED_DEVICE_FAMILY = "1,2";
				TEST_HOST = "$(BUILT_PRODUCTS_DIR)/Dolo.app/Dolo";
			};
			name = Release;
		};
/* End XCBuildConfiguration section */

/* Begin XCConfigurationList section */
		EDB014EA23E53FAC001B61C2 /* Build configuration list for PBXProject "Dolo" */ = {
			isa = XCConfigurationList;
			buildConfigurations = (
				EDB0150F23E53FAD001B61C2 /* Debug */,
				EDB0151023E53FAD001B61C2 /* Release */,
			);
			defaultConfigurationIsVisible = 0;
			defaultConfigurationName = Release;
		};
		EDB0151123E53FAD001B61C2 /* Build configuration list for PBXNativeTarget "Dolo" */ = {
			isa = XCConfigurationList;
			buildConfigurations = (
				EDB0151223E53FAD001B61C2 /* Debug */,
				EDB0151323E53FAD001B61C2 /* Release */,
			);
			defaultConfigurationIsVisible = 0;
			defaultConfigurationName = Release;
		};
		EDB0151423E53FAD001B61C2 /* Build configuration list for PBXNativeTarget "DoloTests" */ = {
			isa = XCConfigurationList;
			buildConfigurations = (
				EDB0151523E53FAD001B61C2 /* Debug */,
				EDB0151623E53FAD001B61C2 /* Release */,
			);
			defaultConfigurationIsVisible = 0;
			defaultConfigurationName = Release;
		};
/* End XCConfigurationList section */

/* Begin XCVersionGroup section */
		EDB014FB23E53FAC001B61C2 /* Dolo.xcdatamodeld */ = {
			isa = XCVersionGroup;
			children = (
				EDB014FC23E53FAC001B61C2 /* Dolo.xcdatamodel */,
			);
			currentVersion = EDB014FC23E53FAC001B61C2 /* Dolo.xcdatamodel */;
			path = Dolo.xcdatamodeld;
			sourceTree = "<group>";
			versionGroupType = wrapper.xcdatamodel;
		};
/* End XCVersionGroup section */
	};
	rootObject = EDB014E723E53FAC001B61C2 /* Project object */;
}
